// !$*UTF8*$!
{
	archiveVersion = 1;
	classes = {
	};
	objectVersion = 46;
	objects = {

/* Begin PBXBuildFile section */
		2006897C1E44F3C200EAD907 /* ChatViewController.swift in Sources */ = {isa = PBXBuildFile; fileRef = 2006897B1E44F3C200EAD907 /* ChatViewController.swift */; };
		200B434F1E4639CD004C06F1 /* SocketIOManager.swift in Sources */ = {isa = PBXBuildFile; fileRef = 200B434E1E4639CD004C06F1 /* SocketIOManager.swift */; };
		56E0DC742C6C4A4124732CA8 /* Pods_band_up_ios.framework in Frameworks */ = {isa = PBXBuildFile; fileRef = 8A46C69D84F205498C26CE11 /* Pods_band_up_ios.framework */; };
		F207F6401E02DBB000F57892 /* SetupViewController.swift in Sources */ = {isa = PBXBuildFile; fileRef = F207F63F1E02DBB000F57892 /* SetupViewController.swift */; };
		F217C0471DDFC47100EE16DF /* AppDelegate.swift in Sources */ = {isa = PBXBuildFile; fileRef = F217C0461DDFC47100EE16DF /* AppDelegate.swift */; };
		F217C0491DDFC47100EE16DF /* LoginViewController.swift in Sources */ = {isa = PBXBuildFile; fileRef = F217C0481DDFC47100EE16DF /* LoginViewController.swift */; };
		F217C07A1DDFC53E00EE16DF /* RegisterViewController.swift in Sources */ = {isa = PBXBuildFile; fileRef = F217C0791DDFC53E00EE16DF /* RegisterViewController.swift */; };
		F21A89E91E160AB80061F559 /* UIBigButton.swift in Sources */ = {isa = PBXBuildFile; fileRef = F21A89E81E160AB80061F559 /* UIBigButton.swift */; };
		F23EFD5E1E15D90F00F1CF71 /* UserListViewController.swift in Sources */ = {isa = PBXBuildFile; fileRef = F23EFD5D1E15D90F00F1CF71 /* UserListViewController.swift */; };
		F24DE70E1E4A3ABB00BE56C6 /* BMItemBoxListCell.swift in Sources */ = {isa = PBXBuildFile; fileRef = F24DE70D1E4A3ABB00BE56C6 /* BMItemBoxListCell.swift */; };
		F24E07E21E4CBEAD00C45A76 /* Localizable.strings in Resources */ = {isa = PBXBuildFile; fileRef = F24E07E41E4CBEAD00C45A76 /* Localizable.strings */; };
		F24E07E91E4CE4C100C45A76 /* Setup.storyboard in Resources */ = {isa = PBXBuildFile; fileRef = F27853911E4C21A600DB9810 /* Setup.storyboard */; };
		F24E07EA1E4CE4C100C45A76 /* DrawerView.storyboard in Resources */ = {isa = PBXBuildFile; fileRef = F27853871E4C214A00DB9810 /* DrawerView.storyboard */; };
		F24E07EB1E4CE4C100C45A76 /* UserListView.storyboard in Resources */ = {isa = PBXBuildFile; fileRef = F27853731E4C1A3200DB9810 /* UserListView.storyboard */; };
		F24E07EC1E4CE4C100C45A76 /* UserDetailsView.storyboard in Resources */ = {isa = PBXBuildFile; fileRef = F278536C1E4C194B00DB9810 /* UserDetailsView.storyboard */; };
		F24E07ED1E4CE4C100C45A76 /* ProfileView.storyboard in Resources */ = {isa = PBXBuildFile; fileRef = F27853781E4C1A9200DB9810 /* ProfileView.storyboard */; };
		F24E07EE1E4CE4C100C45A76 /* MatchesView.storyboard in Resources */ = {isa = PBXBuildFile; fileRef = F278537D1E4C1FEA00DB9810 /* MatchesView.storyboard */; };
		F24E07EF1E4CE4C100C45A76 /* SettingsView.storyboard in Resources */ = {isa = PBXBuildFile; fileRef = F27853821E4C201600DB9810 /* SettingsView.storyboard */; };
		F24E07F01E4CE4C100C45A76 /* UpcomingView.storyboard in Resources */ = {isa = PBXBuildFile; fileRef = F278538C1E4C218700DB9810 /* UpcomingView.storyboard */; };
		F24E07F21E4CE99C00C45A76 /* LaunchScreen.storyboard in Resources */ = {isa = PBXBuildFile; fileRef = F217C0521DDFC47100EE16DF /* LaunchScreen.storyboard */; };
		F24E08181E4D1B1F00C45A76 /* SettingsTableViewController.swift in Sources */ = {isa = PBXBuildFile; fileRef = F24E08171E4D1B1F00C45A76 /* SettingsTableViewController.swift */; };
		F24E081D1E4D231C00C45A76 /* InfoPlist.strings in Resources */ = {isa = PBXBuildFile; fileRef = F24E081F1E4D231C00C45A76 /* InfoPlist.strings */; };
		F2508B0D1E53EDFA009EF48B /* Default-568h@2x.png in Resources */ = {isa = PBXBuildFile; fileRef = F2508B0C1E53EDFA009EF48B /* Default-568h@2x.png */; };
		F252C95A1E44FE9A002B2E2B /* EditProfileTableViewController.swift in Sources */ = {isa = PBXBuildFile; fileRef = F252C9591E44FE9A002B2E2B /* EditProfileTableViewController.swift */; };
		F25555801DDFD52900530C92 /* BandUpAPI.swift in Sources */ = {isa = PBXBuildFile; fileRef = F255557F1DDFD52900530C92 /* BandUpAPI.swift */; };
		F270511B1E4C01DE00E2974C /* UserImage.swift in Sources */ = {isa = PBXBuildFile; fileRef = F270511A1E4C01DE00E2974C /* UserImage.swift */; };
		F270511D1E4C01E900E2974C /* UserLocation.swift in Sources */ = {isa = PBXBuildFile; fileRef = F270511C1E4C01E900E2974C /* UserLocation.swift */; };
		F270511F1E4C022D00E2974C /* ChatMessage.swift in Sources */ = {isa = PBXBuildFile; fileRef = F270511E1E4C022D00E2974C /* ChatMessage.swift */; };
		F27051211E4C027600E2974C /* DrawerItem.swift in Sources */ = {isa = PBXBuildFile; fileRef = F27051201E4C027600E2974C /* DrawerItem.swift */; };
		F277C27F1E560DCF008AF036 /* UserTests.swift in Sources */ = {isa = PBXBuildFile; fileRef = F277C2761E560D8C008AF036 /* UserTests.swift */; };
		F277C2881E561F41008AF036 /* band_up_iosUITests.swift in Sources */ = {isa = PBXBuildFile; fileRef = F277C2871E561F41008AF036 /* band_up_iosUITests.swift */; };
		F29002EA1E1A0F1600884F8E /* UserListItemViewCell.swift in Sources */ = {isa = PBXBuildFile; fileRef = F29002E91E1A0F1600884F8E /* UserListItemViewCell.swift */; };
		F29B9E851E47688E00BDB645 /* Constants.swift in Sources */ = {isa = PBXBuildFile; fileRef = F29B9E841E47688E00BDB645 /* Constants.swift */; };
		F29B9E871E47D2AC00BDB645 /* BMItemBoxList.swift in Sources */ = {isa = PBXBuildFile; fileRef = F29B9E861E47D2AC00BDB645 /* BMItemBoxList.swift */; };
		F2AB06061E0606DF0039C761 /* CaviarDreams_Bold.ttf in Resources */ = {isa = PBXBuildFile; fileRef = F2AB06021E0606D00039C761 /* CaviarDreams_Bold.ttf */; };
		F2AB06071E0606DF0039C761 /* CaviarDreams_BoldItalic.ttf in Resources */ = {isa = PBXBuildFile; fileRef = F2AB06031E0606D00039C761 /* CaviarDreams_BoldItalic.ttf */; };
		F2AB06081E0606DF0039C761 /* CaviarDreams_Italic.ttf in Resources */ = {isa = PBXBuildFile; fileRef = F2AB06041E0606D00039C761 /* CaviarDreams_Italic.ttf */; };
		F2AB06091E0606DF0039C761 /* CaviarDreams.ttf in Resources */ = {isa = PBXBuildFile; fileRef = F2AB06051E0606D00039C761 /* CaviarDreams.ttf */; };
		F2AB060F1E0616A20039C761 /* ProfileViewController.swift in Sources */ = {isa = PBXBuildFile; fileRef = F2AB060E1E0616A20039C761 /* ProfileViewController.swift */; };
		F2AB06111E0616B30039C761 /* MatchesViewController.swift in Sources */ = {isa = PBXBuildFile; fileRef = F2AB06101E0616B30039C761 /* MatchesViewController.swift */; };
		F2AB06131E0616C10039C761 /* SettingsViewController.swift in Sources */ = {isa = PBXBuildFile; fileRef = F2AB06121E0616C10039C761 /* SettingsViewController.swift */; };
		F2AB06151E0616DA0039C761 /* UpcomingViewController.swift in Sources */ = {isa = PBXBuildFile; fileRef = F2AB06141E0616DA0039C761 /* UpcomingViewController.swift */; };
		F2AB06171E0616EA0039C761 /* UserDetailsViewController.swift in Sources */ = {isa = PBXBuildFile; fileRef = F2AB06161E0616EA0039C761 /* UserDetailsViewController.swift */; };
		F2AB06191E061AD80039C761 /* Media.xcassets in Resources */ = {isa = PBXBuildFile; fileRef = F2AB06181E061AD80039C761 /* Media.xcassets */; };
		F2AB061B1E063DF80039C761 /* master_of_break.ttf in Resources */ = {isa = PBXBuildFile; fileRef = F2AB061A1E063DE70039C761 /* master_of_break.ttf */; };
		F2B023181E04000600088622 /* MainScreenViewController.swift in Sources */ = {isa = PBXBuildFile; fileRef = F2B023171E04000600088622 /* MainScreenViewController.swift */; };
		F2B0231C1E049BDA00088622 /* DrawerViewController.swift in Sources */ = {isa = PBXBuildFile; fileRef = F2B0231B1E049BDA00088622 /* DrawerViewController.swift */; };
		F2B82FEA1E53F038000F71D1 /* InfoPlist.strings in Resources */ = {isa = PBXBuildFile; fileRef = F2B82FEC1E53F038000F71D1 /* InfoPlist.strings */; };
		F2CF64C01E3C14EB0017B70E /* DefaultsKeys.swift in Sources */ = {isa = PBXBuildFile; fileRef = F2CF64BF1E3C14EB0017B70E /* DefaultsKeys.swift */; };
		F2CF64C91E3C235D0017B70E /* EditProfileViewController.swift in Sources */ = {isa = PBXBuildFile; fileRef = F2CF64C81E3C235D0017B70E /* EditProfileViewController.swift */; };
		F2D38EB01DFE552C008F39A1 /* PasswordResetViewController.swift in Sources */ = {isa = PBXBuildFile; fileRef = F2D38EAF1DFE552C008F39A1 /* PasswordResetViewController.swift */; };
		F2DCB2E41E4E99FE006832F6 /* LaunchViewController.swift in Sources */ = {isa = PBXBuildFile; fileRef = F2DCB2E31E4E99FE006832F6 /* LaunchViewController.swift */; };
		F2DCB2E61E4E9C1E006832F6 /* LaunchView.storyboard in Resources */ = {isa = PBXBuildFile; fileRef = F2DCB2E51E4E9C1E006832F6 /* LaunchView.storyboard */; };
		F2EA7B6A1E15BCC3005B1F34 /* User.swift in Sources */ = {isa = PBXBuildFile; fileRef = F2EA7B691E15BCC3005B1F34 /* User.swift */; };
/* End PBXBuildFile section */

/* Begin PBXContainerItemProxy section */
		F277C2791E560D8C008AF036 /* PBXContainerItemProxy */ = {
			isa = PBXContainerItemProxy;
			containerPortal = F217C03B1DDFC47100EE16DF /* Project object */;
			proxyType = 1;
			remoteGlobalIDString = F217C0421DDFC47100EE16DF;
			remoteInfo = "band-up-ios";
		};
		F277C28A1E561F41008AF036 /* PBXContainerItemProxy */ = {
			isa = PBXContainerItemProxy;
			containerPortal = F217C03B1DDFC47100EE16DF /* Project object */;
			proxyType = 1;
			remoteGlobalIDString = F217C0421DDFC47100EE16DF;
			remoteInfo = "band-up-ios";
		};
/* End PBXContainerItemProxy section */

/* Begin PBXFileReference section */
		2006897B1E44F3C200EAD907 /* ChatViewController.swift */ = {isa = PBXFileReference; fileEncoding = 4; lastKnownFileType = sourcecode.swift; path = ChatViewController.swift; sourceTree = "<group>"; };
		200B434E1E4639CD004C06F1 /* SocketIOManager.swift */ = {isa = PBXFileReference; fileEncoding = 4; lastKnownFileType = sourcecode.swift; path = SocketIOManager.swift; sourceTree = "<group>"; };
		237F956E82CDDB9C1FCF3433 /* Pods-band-up-ios.release.xcconfig */ = {isa = PBXFileReference; includeInIndex = 1; lastKnownFileType = text.xcconfig; name = "Pods-band-up-ios.release.xcconfig"; path = "Pods/Target Support Files/Pods-band-up-ios/Pods-band-up-ios.release.xcconfig"; sourceTree = "<group>"; };
		8A46C69D84F205498C26CE11 /* Pods_band_up_ios.framework */ = {isa = PBXFileReference; explicitFileType = wrapper.framework; includeInIndex = 0; path = Pods_band_up_ios.framework; sourceTree = BUILT_PRODUCTS_DIR; };
		BAFB566F8D41FFC68E2A138A /* Pods-band-up-ios.debug.xcconfig */ = {isa = PBXFileReference; includeInIndex = 1; lastKnownFileType = text.xcconfig; name = "Pods-band-up-ios.debug.xcconfig"; path = "Pods/Target Support Files/Pods-band-up-ios/Pods-band-up-ios.debug.xcconfig"; sourceTree = "<group>"; };
		F207F63F1E02DBB000F57892 /* SetupViewController.swift */ = {isa = PBXFileReference; fileEncoding = 4; lastKnownFileType = sourcecode.swift; path = SetupViewController.swift; sourceTree = "<group>"; };
		F217C0431DDFC47100EE16DF /* band-up-ios.app */ = {isa = PBXFileReference; explicitFileType = wrapper.application; includeInIndex = 0; path = "band-up-ios.app"; sourceTree = BUILT_PRODUCTS_DIR; };
		F217C0461DDFC47100EE16DF /* AppDelegate.swift */ = {isa = PBXFileReference; lastKnownFileType = sourcecode.swift; lineEnding = 0; path = AppDelegate.swift; sourceTree = "<group>"; };
		F217C0481DDFC47100EE16DF /* LoginViewController.swift */ = {isa = PBXFileReference; lastKnownFileType = sourcecode.swift; path = LoginViewController.swift; sourceTree = "<group>"; };
		F217C0791DDFC53E00EE16DF /* RegisterViewController.swift */ = {isa = PBXFileReference; fileEncoding = 4; lastKnownFileType = sourcecode.swift; path = RegisterViewController.swift; sourceTree = "<group>"; };
		F21A89E81E160AB80061F559 /* UIBigButton.swift */ = {isa = PBXFileReference; fileEncoding = 4; lastKnownFileType = sourcecode.swift; path = UIBigButton.swift; sourceTree = "<group>"; };
		F22935F41E53F1B5007F182B /* Base */ = {isa = PBXFileReference; lastKnownFileType = text.plist.strings; name = Base; path = Base.lproj/InfoPlist.strings; sourceTree = "<group>"; };
		F23EFD5D1E15D90F00F1CF71 /* UserListViewController.swift */ = {isa = PBXFileReference; fileEncoding = 4; lastKnownFileType = sourcecode.swift; path = UserListViewController.swift; sourceTree = "<group>"; };
		F24DE70D1E4A3ABB00BE56C6 /* BMItemBoxListCell.swift */ = {isa = PBXFileReference; fileEncoding = 4; lastKnownFileType = sourcecode.swift; path = BMItemBoxListCell.swift; sourceTree = "<group>"; };
		F24E07E51E4CBEB600C45A76 /* is */ = {isa = PBXFileReference; lastKnownFileType = text.plist.strings; name = is; path = is.lproj/Localizable.strings; sourceTree = "<group>"; };
		F24E07E61E4CDD5800C45A76 /* en */ = {isa = PBXFileReference; lastKnownFileType = text.plist.strings; name = en; path = en.lproj/Localizable.strings; sourceTree = "<group>"; };
		F24E08041E4CF20000C45A76 /* Base */ = {isa = PBXFileReference; lastKnownFileType = file.storyboard; name = Base; path = Base.lproj/Setup.storyboard; sourceTree = "<group>"; };
		F24E08051E4CF20000C45A76 /* Base */ = {isa = PBXFileReference; lastKnownFileType = file.storyboard; name = Base; path = Base.lproj/DrawerView.storyboard; sourceTree = "<group>"; };
		F24E08061E4CF20000C45A76 /* Base */ = {isa = PBXFileReference; lastKnownFileType = file.storyboard; name = Base; path = Base.lproj/UserListView.storyboard; sourceTree = "<group>"; };
		F24E08071E4CF20000C45A76 /* Base */ = {isa = PBXFileReference; lastKnownFileType = file.storyboard; name = Base; path = Base.lproj/UserDetailsView.storyboard; sourceTree = "<group>"; };
		F24E08081E4CF20000C45A76 /* Base */ = {isa = PBXFileReference; lastKnownFileType = file.storyboard; name = Base; path = Base.lproj/ProfileView.storyboard; sourceTree = "<group>"; };
		F24E08091E4CF20000C45A76 /* Base */ = {isa = PBXFileReference; lastKnownFileType = file.storyboard; name = Base; path = Base.lproj/MatchesView.storyboard; sourceTree = "<group>"; };
		F24E080A1E4CF20000C45A76 /* Base */ = {isa = PBXFileReference; lastKnownFileType = file.storyboard; name = Base; path = Base.lproj/SettingsView.storyboard; sourceTree = "<group>"; };
		F24E080B1E4CF20000C45A76 /* Base */ = {isa = PBXFileReference; lastKnownFileType = file.storyboard; name = Base; path = Base.lproj/UpcomingView.storyboard; sourceTree = "<group>"; };
		F24E080C1E4CF20000C45A76 /* Base */ = {isa = PBXFileReference; lastKnownFileType = file.storyboard; name = Base; path = Base.lproj/LaunchScreen.storyboard; sourceTree = "<group>"; };
		F24E080D1E4CF24000C45A76 /* is */ = {isa = PBXFileReference; lastKnownFileType = text.plist.strings; name = is; path = is.lproj/DrawerView.strings; sourceTree = "<group>"; };
		F24E080F1E4CF24E00C45A76 /* is */ = {isa = PBXFileReference; lastKnownFileType = text.plist.strings; name = is; path = is.lproj/UserListView.strings; sourceTree = "<group>"; };
		F24E08101E4CF25F00C45A76 /* is */ = {isa = PBXFileReference; lastKnownFileType = text.plist.strings; name = is; path = is.lproj/UserDetailsView.strings; sourceTree = "<group>"; };
		F24E08151E4CF93C00C45A76 /* is */ = {isa = PBXFileReference; lastKnownFileType = text.plist.strings; name = is; path = is.lproj/ProfileView.strings; sourceTree = "<group>"; };
		F24E08161E4D1A6800C45A76 /* is */ = {isa = PBXFileReference; lastKnownFileType = text.plist.strings; name = is; path = is.lproj/MatchesView.strings; sourceTree = "<group>"; };
		F24E08171E4D1B1F00C45A76 /* SettingsTableViewController.swift */ = {isa = PBXFileReference; fileEncoding = 4; lastKnownFileType = sourcecode.swift; path = SettingsTableViewController.swift; sourceTree = "<group>"; };
		F24E08191E4D1E0100C45A76 /* is */ = {isa = PBXFileReference; lastKnownFileType = text.plist.strings; name = is; path = is.lproj/SettingsView.strings; sourceTree = "<group>"; };
		F24E081A1E4D1E0A00C45A76 /* is */ = {isa = PBXFileReference; lastKnownFileType = text.plist.strings; name = is; path = is.lproj/UpcomingView.strings; sourceTree = "<group>"; };
		F24E081E1E4D231C00C45A76 /* Base */ = {isa = PBXFileReference; lastKnownFileType = text.plist.strings; name = Base; path = Base.lproj/InfoPlist.strings; sourceTree = "<group>"; };
		F24E08221E4D245300C45A76 /* is */ = {isa = PBXFileReference; lastKnownFileType = text.plist.strings; name = is; path = is.lproj/Setup.strings; sourceTree = "<group>"; };
		F2508B0C1E53EDFA009EF48B /* Default-568h@2x.png */ = {isa = PBXFileReference; lastKnownFileType = image.png; path = "Default-568h@2x.png"; sourceTree = "<group>"; };
		F252C9591E44FE9A002B2E2B /* EditProfileTableViewController.swift */ = {isa = PBXFileReference; fileEncoding = 4; lastKnownFileType = sourcecode.swift; path = EditProfileTableViewController.swift; sourceTree = "<group>"; };
		F255557F1DDFD52900530C92 /* BandUpAPI.swift */ = {isa = PBXFileReference; fileEncoding = 4; lastKnownFileType = sourcecode.swift; path = BandUpAPI.swift; sourceTree = "<group>"; };
		F270511A1E4C01DE00E2974C /* UserImage.swift */ = {isa = PBXFileReference; fileEncoding = 4; lastKnownFileType = sourcecode.swift; path = UserImage.swift; sourceTree = "<group>"; };
		F270511C1E4C01E900E2974C /* UserLocation.swift */ = {isa = PBXFileReference; fileEncoding = 4; lastKnownFileType = sourcecode.swift; path = UserLocation.swift; sourceTree = "<group>"; };
		F270511E1E4C022D00E2974C /* ChatMessage.swift */ = {isa = PBXFileReference; fileEncoding = 4; lastKnownFileType = sourcecode.swift; path = ChatMessage.swift; sourceTree = "<group>"; };
		F27051201E4C027600E2974C /* DrawerItem.swift */ = {isa = PBXFileReference; fileEncoding = 4; lastKnownFileType = sourcecode.swift; path = DrawerItem.swift; sourceTree = "<group>"; };
		F277C2741E560D8C008AF036 /* band-up-iosTests.xctest */ = {isa = PBXFileReference; explicitFileType = wrapper.cfbundle; includeInIndex = 0; path = "band-up-iosTests.xctest"; sourceTree = BUILT_PRODUCTS_DIR; };
		F277C2761E560D8C008AF036 /* UserTests.swift */ = {isa = PBXFileReference; lastKnownFileType = sourcecode.swift; path = UserTests.swift; sourceTree = "<group>"; };
		F277C2781E560D8C008AF036 /* Info.plist */ = {isa = PBXFileReference; lastKnownFileType = text.plist.xml; path = Info.plist; sourceTree = "<group>"; };
		F277C2851E561F41008AF036 /* band-up-iosUITests.xctest */ = {isa = PBXFileReference; explicitFileType = wrapper.cfbundle; includeInIndex = 0; path = "band-up-iosUITests.xctest"; sourceTree = BUILT_PRODUCTS_DIR; };
		F277C2871E561F41008AF036 /* band_up_iosUITests.swift */ = {isa = PBXFileReference; lastKnownFileType = sourcecode.swift; path = band_up_iosUITests.swift; sourceTree = "<group>"; };
		F277C2891E561F41008AF036 /* Info.plist */ = {isa = PBXFileReference; lastKnownFileType = text.plist.xml; path = Info.plist; sourceTree = "<group>"; };
		F29002E91E1A0F1600884F8E /* UserListItemViewCell.swift */ = {isa = PBXFileReference; fileEncoding = 4; lastKnownFileType = sourcecode.swift; path = UserListItemViewCell.swift; sourceTree = "<group>"; };
		F29B9E841E47688E00BDB645 /* Constants.swift */ = {isa = PBXFileReference; fileEncoding = 4; lastKnownFileType = sourcecode.swift; path = Constants.swift; sourceTree = "<group>"; };
		F29B9E861E47D2AC00BDB645 /* BMItemBoxList.swift */ = {isa = PBXFileReference; fileEncoding = 4; lastKnownFileType = sourcecode.swift; path = BMItemBoxList.swift; sourceTree = "<group>"; };
		F2AB06021E0606D00039C761 /* CaviarDreams_Bold.ttf */ = {isa = PBXFileReference; lastKnownFileType = file; path = CaviarDreams_Bold.ttf; sourceTree = "<group>"; };
		F2AB06031E0606D00039C761 /* CaviarDreams_BoldItalic.ttf */ = {isa = PBXFileReference; lastKnownFileType = file; path = CaviarDreams_BoldItalic.ttf; sourceTree = "<group>"; };
		F2AB06041E0606D00039C761 /* CaviarDreams_Italic.ttf */ = {isa = PBXFileReference; lastKnownFileType = file; path = CaviarDreams_Italic.ttf; sourceTree = "<group>"; };
		F2AB06051E0606D00039C761 /* CaviarDreams.ttf */ = {isa = PBXFileReference; lastKnownFileType = file; path = CaviarDreams.ttf; sourceTree = "<group>"; };
		F2AB060E1E0616A20039C761 /* ProfileViewController.swift */ = {isa = PBXFileReference; fileEncoding = 4; lastKnownFileType = sourcecode.swift; path = ProfileViewController.swift; sourceTree = "<group>"; };
		F2AB06101E0616B30039C761 /* MatchesViewController.swift */ = {isa = PBXFileReference; fileEncoding = 4; lastKnownFileType = sourcecode.swift; path = MatchesViewController.swift; sourceTree = "<group>"; };
		F2AB06121E0616C10039C761 /* SettingsViewController.swift */ = {isa = PBXFileReference; fileEncoding = 4; lastKnownFileType = sourcecode.swift; path = SettingsViewController.swift; sourceTree = "<group>"; };
		F2AB06141E0616DA0039C761 /* UpcomingViewController.swift */ = {isa = PBXFileReference; fileEncoding = 4; lastKnownFileType = sourcecode.swift; path = UpcomingViewController.swift; sourceTree = "<group>"; };
		F2AB06161E0616EA0039C761 /* UserDetailsViewController.swift */ = {isa = PBXFileReference; fileEncoding = 4; lastKnownFileType = sourcecode.swift; path = UserDetailsViewController.swift; sourceTree = "<group>"; };
		F2AB06181E061AD80039C761 /* Media.xcassets */ = {isa = PBXFileReference; lastKnownFileType = folder.assetcatalog; path = Media.xcassets; sourceTree = "<group>"; };
		F2AB061A1E063DE70039C761 /* master_of_break.ttf */ = {isa = PBXFileReference; lastKnownFileType = file; path = master_of_break.ttf; sourceTree = "<group>"; };
		F2B023171E04000600088622 /* MainScreenViewController.swift */ = {isa = PBXFileReference; fileEncoding = 4; lastKnownFileType = sourcecode.swift; path = MainScreenViewController.swift; sourceTree = "<group>"; };
		F2B0231B1E049BDA00088622 /* DrawerViewController.swift */ = {isa = PBXFileReference; fileEncoding = 4; lastKnownFileType = sourcecode.swift; path = DrawerViewController.swift; sourceTree = "<group>"; };
		F2B82FE61E53EFAD000F71D1 /* Info.plist */ = {isa = PBXFileReference; fileEncoding = 4; lastKnownFileType = text.plist.xml; path = Info.plist; sourceTree = "<group>"; };
		F2B82FED1E53F03A000F71D1 /* en */ = {isa = PBXFileReference; lastKnownFileType = text.plist.strings; name = en; path = en.lproj/InfoPlist.strings; sourceTree = "<group>"; };
		F2B82FEE1E53F03B000F71D1 /* is */ = {isa = PBXFileReference; lastKnownFileType = text.plist.strings; name = is; path = is.lproj/InfoPlist.strings; sourceTree = "<group>"; };
		F2CF64BF1E3C14EB0017B70E /* DefaultsKeys.swift */ = {isa = PBXFileReference; fileEncoding = 4; lastKnownFileType = sourcecode.swift; path = DefaultsKeys.swift; sourceTree = "<group>"; };
		F2CF64C81E3C235D0017B70E /* EditProfileViewController.swift */ = {isa = PBXFileReference; fileEncoding = 4; lastKnownFileType = sourcecode.swift; path = EditProfileViewController.swift; sourceTree = "<group>"; };
		F2D38EAF1DFE552C008F39A1 /* PasswordResetViewController.swift */ = {isa = PBXFileReference; fileEncoding = 4; lastKnownFileType = sourcecode.swift; path = PasswordResetViewController.swift; sourceTree = "<group>"; };
		F2DCB2E31E4E99FE006832F6 /* LaunchViewController.swift */ = {isa = PBXFileReference; fileEncoding = 4; lastKnownFileType = sourcecode.swift; path = LaunchViewController.swift; sourceTree = "<group>"; };
		F2DCB2E51E4E9C1E006832F6 /* LaunchView.storyboard */ = {isa = PBXFileReference; fileEncoding = 4; lastKnownFileType = file.storyboard; path = LaunchView.storyboard; sourceTree = "<group>"; };
		F2EA7B691E15BCC3005B1F34 /* User.swift */ = {isa = PBXFileReference; fileEncoding = 4; lastKnownFileType = sourcecode.swift; path = User.swift; sourceTree = "<group>"; };
/* End PBXFileReference section */

/* Begin PBXFrameworksBuildPhase section */
		F217C0401DDFC47100EE16DF /* Frameworks */ = {
			isa = PBXFrameworksBuildPhase;
			buildActionMask = 2147483647;
			files = (
				56E0DC742C6C4A4124732CA8 /* Pods_band_up_ios.framework in Frameworks */,
			);
			runOnlyForDeploymentPostprocessing = 0;
		};
		F277C2711E560D8C008AF036 /* Frameworks */ = {
			isa = PBXFrameworksBuildPhase;
			buildActionMask = 2147483647;
			files = (
			);
			runOnlyForDeploymentPostprocessing = 0;
		};
		F277C2821E561F41008AF036 /* Frameworks */ = {
			isa = PBXFrameworksBuildPhase;
			buildActionMask = 2147483647;
			files = (
			);
			runOnlyForDeploymentPostprocessing = 0;
		};
/* End PBXFrameworksBuildPhase section */

/* Begin PBXGroup section */
		05BEBC4A550603964996EAAD /* Pods */ = {
			isa = PBXGroup;
			children = (
				BAFB566F8D41FFC68E2A138A /* Pods-band-up-ios.debug.xcconfig */,
				237F956E82CDDB9C1FCF3433 /* Pods-band-up-ios.release.xcconfig */,
			);
			name = Pods;
			sourceTree = "<group>";
		};
		F217C03A1DDFC47100EE16DF = {
			isa = PBXGroup;
			children = (
				F2508B0C1E53EDFA009EF48B /* Default-568h@2x.png */,
				F217C0451DDFC47100EE16DF /* band-up-ios */,
				F277C2751E560D8C008AF036 /* band-up-iosTests */,
				F277C2861E561F41008AF036 /* band-up-iosUITests */,
				F217C0441DDFC47100EE16DF /* Products */,
				05BEBC4A550603964996EAAD /* Pods */,
				F6AB3D0A6932E4ADEE2F518F /* Frameworks */,
			);
			sourceTree = "<group>";
		};
		F217C0441DDFC47100EE16DF /* Products */ = {
			isa = PBXGroup;
			children = (
				F217C0431DDFC47100EE16DF /* band-up-ios.app */,
				F277C2741E560D8C008AF036 /* band-up-iosTests.xctest */,
				F277C2851E561F41008AF036 /* band-up-iosUITests.xctest */,
			);
			name = Products;
			sourceTree = "<group>";
		};
		F217C0451DDFC47100EE16DF /* band-up-ios */ = {
			isa = PBXGroup;
			children = (
				F217C0461DDFC47100EE16DF /* AppDelegate.swift */,
				F29B9E841E47688E00BDB645 /* Constants.swift */,
				F255557F1DDFD52900530C92 /* BandUpAPI.swift */,
				F2CF64BF1E3C14EB0017B70E /* DefaultsKeys.swift */,
				200B434E1E4639CD004C06F1 /* SocketIOManager.swift */,
				F27051191E4C01C600E2974C /* Models */,
				F2AB060A1E0614F20039C761 /* Setup */,
				F2AB060B1E0615410039C761 /* Main Screen */,
				F2B0231D1E04E49400088622 /* Resources */,
				F24E07E41E4CBEAD00C45A76 /* Localizable.strings */,
				F24E081F1E4D231C00C45A76 /* InfoPlist.strings */,
			);
			path = "band-up-ios";
			sourceTree = "<group>";
		};
		F27051191E4C01C600E2974C /* Models */ = {
			isa = PBXGroup;
			children = (
				F2EA7B691E15BCC3005B1F34 /* User.swift */,
				F270511A1E4C01DE00E2974C /* UserImage.swift */,
				F270511E1E4C022D00E2974C /* ChatMessage.swift */,
				F270511C1E4C01E900E2974C /* UserLocation.swift */,
				F27051201E4C027600E2974C /* DrawerItem.swift */,
			);
			name = Models;
			sourceTree = "<group>";
		};
		F277C2751E560D8C008AF036 /* band-up-iosTests */ = {
			isa = PBXGroup;
			children = (
				F277C2761E560D8C008AF036 /* UserTests.swift */,
				F277C2781E560D8C008AF036 /* Info.plist */,
			);
			path = "band-up-iosTests";
			sourceTree = "<group>";
		};
		F277C2861E561F41008AF036 /* band-up-iosUITests */ = {
			isa = PBXGroup;
			children = (
				F277C2871E561F41008AF036 /* band_up_iosUITests.swift */,
				F277C2891E561F41008AF036 /* Info.plist */,
			);
			path = "band-up-iosUITests";
			sourceTree = "<group>";
		};
		F2AB060A1E0614F20039C761 /* Setup */ = {
			isa = PBXGroup;
			children = (
				F27853911E4C21A600DB9810 /* Setup.storyboard */,
				F217C0481DDFC47100EE16DF /* LoginViewController.swift */,
				F2D38EAF1DFE552C008F39A1 /* PasswordResetViewController.swift */,
				F217C0791DDFC53E00EE16DF /* RegisterViewController.swift */,
				F207F63F1E02DBB000F57892 /* SetupViewController.swift */,
			);
			name = Setup;
			sourceTree = "<group>";
		};
		F2AB060B1E0615410039C761 /* Main Screen */ = {
			isa = PBXGroup;
			children = (
				F2CF64C51E3C1DFD0017B70E /* Elements */,
				F2CF64C31E3C185D0017B70E /* Views */,
				F2CF64C41E3C1DB90017B70E /* Controllers */,
			);
			name = "Main Screen";
			sourceTree = "<group>";
		};
		F2B0231D1E04E49400088622 /* Resources */ = {
			isa = PBXGroup;
			children = (
				F2B82FE61E53EFAD000F71D1 /* Info.plist */,
				F2B82FEC1E53F038000F71D1 /* InfoPlist.strings */,
				F217C0521DDFC47100EE16DF /* LaunchScreen.storyboard */,
				F2DCB2E51E4E9C1E006832F6 /* LaunchView.storyboard */,
				F2DCB2E31E4E99FE006832F6 /* LaunchViewController.swift */,
				F2AB06021E0606D00039C761 /* CaviarDreams_Bold.ttf */,
				F2AB06031E0606D00039C761 /* CaviarDreams_BoldItalic.ttf */,
				F2AB06041E0606D00039C761 /* CaviarDreams_Italic.ttf */,
				F2AB06051E0606D00039C761 /* CaviarDreams.ttf */,
				F2AB061A1E063DE70039C761 /* master_of_break.ttf */,
				F2AB06181E061AD80039C761 /* Media.xcassets */,
			);
			name = Resources;
			sourceTree = "<group>";
		};
		F2CF64C31E3C185D0017B70E /* Views */ = {
			isa = PBXGroup;
			children = (
				F27853871E4C214A00DB9810 /* DrawerView.storyboard */,
				F27853731E4C1A3200DB9810 /* UserListView.storyboard */,
				F278536C1E4C194B00DB9810 /* UserDetailsView.storyboard */,
				F27853781E4C1A9200DB9810 /* ProfileView.storyboard */,
				F278537D1E4C1FEA00DB9810 /* MatchesView.storyboard */,
				F27853821E4C201600DB9810 /* SettingsView.storyboard */,
				F278538C1E4C218700DB9810 /* UpcomingView.storyboard */,
			);
			name = Views;
			sourceTree = "<group>";
		};
		F2CF64C41E3C1DB90017B70E /* Controllers */ = {
			isa = PBXGroup;
			children = (
				F2B023171E04000600088622 /* MainScreenViewController.swift */,
				F2B0231B1E049BDA00088622 /* DrawerViewController.swift */,
				F23EFD5D1E15D90F00F1CF71 /* UserListViewController.swift */,
				F2AB06161E0616EA0039C761 /* UserDetailsViewController.swift */,
				F2AB060E1E0616A20039C761 /* ProfileViewController.swift */,
				F2CF64C81E3C235D0017B70E /* EditProfileViewController.swift */,
				F252C9591E44FE9A002B2E2B /* EditProfileTableViewController.swift */,
				F2AB06101E0616B30039C761 /* MatchesViewController.swift */,
				2006897B1E44F3C200EAD907 /* ChatViewController.swift */,
				F2AB06121E0616C10039C761 /* SettingsViewController.swift */,
				F24E08171E4D1B1F00C45A76 /* SettingsTableViewController.swift */,
				F2AB06141E0616DA0039C761 /* UpcomingViewController.swift */,
			);
			name = Controllers;
			sourceTree = "<group>";
		};
		F2CF64C51E3C1DFD0017B70E /* Elements */ = {
			isa = PBXGroup;
			children = (
				F29002E91E1A0F1600884F8E /* UserListItemViewCell.swift */,
				F21A89E81E160AB80061F559 /* UIBigButton.swift */,
				F29B9E861E47D2AC00BDB645 /* BMItemBoxList.swift */,
				F24DE70D1E4A3ABB00BE56C6 /* BMItemBoxListCell.swift */,
			);
			name = Elements;
			sourceTree = "<group>";
		};
		F6AB3D0A6932E4ADEE2F518F /* Frameworks */ = {
			isa = PBXGroup;
			children = (
				8A46C69D84F205498C26CE11 /* Pods_band_up_ios.framework */,
			);
			name = Frameworks;
			sourceTree = "<group>";
		};
/* End PBXGroup section */

/* Begin PBXNativeTarget section */
		F217C0421DDFC47100EE16DF /* band-up-ios */ = {
			isa = PBXNativeTarget;
			buildConfigurationList = F217C06E1DDFC47100EE16DF /* Build configuration list for PBXNativeTarget "band-up-ios" */;
			buildPhases = (
				5A25F391888A21CC4E1E6655 /* [CP] Check Pods Manifest.lock */,
				F217C03F1DDFC47100EE16DF /* Sources */,
				F217C0401DDFC47100EE16DF /* Frameworks */,
				F217C0411DDFC47100EE16DF /* Resources */,
				EAE1152327BE34EB014C5325 /* [CP] Embed Pods Frameworks */,
				F388BAD7CF6E58FF0FF99E31 /* [CP] Copy Pods Resources */,
			);
			buildRules = (
			);
			dependencies = (
			);
			name = "band-up-ios";
			productName = "band-up-ios";
			productReference = F217C0431DDFC47100EE16DF /* band-up-ios.app */;
			productType = "com.apple.product-type.application";
		};
		F277C2731E560D8C008AF036 /* band-up-iosTests */ = {
			isa = PBXNativeTarget;
			buildConfigurationList = F277C27B1E560D8C008AF036 /* Build configuration list for PBXNativeTarget "band-up-iosTests" */;
			buildPhases = (
				F277C2701E560D8C008AF036 /* Sources */,
				F277C2711E560D8C008AF036 /* Frameworks */,
				F277C2721E560D8C008AF036 /* Resources */,
			);
			buildRules = (
			);
			dependencies = (
				F277C27A1E560D8C008AF036 /* PBXTargetDependency */,
			);
			name = "band-up-iosTests";
			productName = "band-up-iosTests";
			productReference = F277C2741E560D8C008AF036 /* band-up-iosTests.xctest */;
			productType = "com.apple.product-type.bundle.unit-test";
		};
		F277C2841E561F41008AF036 /* band-up-iosUITests */ = {
			isa = PBXNativeTarget;
			buildConfigurationList = F277C28C1E561F41008AF036 /* Build configuration list for PBXNativeTarget "band-up-iosUITests" */;
			buildPhases = (
				F277C2811E561F41008AF036 /* Sources */,
				F277C2821E561F41008AF036 /* Frameworks */,
				F277C2831E561F41008AF036 /* Resources */,
			);
			buildRules = (
			);
			dependencies = (
				F277C28B1E561F41008AF036 /* PBXTargetDependency */,
			);
			name = "band-up-iosUITests";
			productName = "band-up-iosUITests";
			productReference = F277C2851E561F41008AF036 /* band-up-iosUITests.xctest */;
			productType = "com.apple.product-type.bundle.ui-testing";
		};
/* End PBXNativeTarget section */

/* Begin PBXProject section */
		F217C03B1DDFC47100EE16DF /* Project object */ = {
			isa = PBXProject;
			attributes = {
				CLASSPREFIX = BM;
				LastSwiftUpdateCheck = 0820;
				LastUpgradeCheck = 0820;
				ORGANIZATIONNAME = "Bad Melody";
				TargetAttributes = {
					F217C0421DDFC47100EE16DF = {
						CreatedOnToolsVersion = 8.1;
						DevelopmentTeam = NJU97Y2JX6;
						ProvisioningStyle = Automatic;
					};
					F277C2731E560D8C008AF036 = {
						CreatedOnToolsVersion = 8.2.1;
						DevelopmentTeam = NJU97Y2JX6;
						ProvisioningStyle = Automatic;
						TestTargetID = F217C0421DDFC47100EE16DF;
					};
					F277C2841E561F41008AF036 = {
						CreatedOnToolsVersion = 8.2.1;
						DevelopmentTeam = NJU97Y2JX6;
						ProvisioningStyle = Automatic;
						TestTargetID = F217C0421DDFC47100EE16DF;
					};
				};
			};
			buildConfigurationList = F217C03E1DDFC47100EE16DF /* Build configuration list for PBXProject "band-up-ios" */;
			compatibilityVersion = "Xcode 3.2";
			developmentRegion = English;
			hasScannedForEncodings = 0;
			knownRegions = (
				en,
				is,
				Base,
			);
			mainGroup = F217C03A1DDFC47100EE16DF;
			productRefGroup = F217C0441DDFC47100EE16DF /* Products */;
			projectDirPath = "";
			projectRoot = "";
			targets = (
				F217C0421DDFC47100EE16DF /* band-up-ios */,
				F277C2731E560D8C008AF036 /* band-up-iosTests */,
				F277C2841E561F41008AF036 /* band-up-iosUITests */,
			);
		};
/* End PBXProject section */

/* Begin PBXResourcesBuildPhase section */
		F217C0411DDFC47100EE16DF /* Resources */ = {
			isa = PBXResourcesBuildPhase;
			buildActionMask = 2147483647;
			files = (
				F2DCB2E61E4E9C1E006832F6 /* LaunchView.storyboard in Resources */,
				F24E07F21E4CE99C00C45A76 /* LaunchScreen.storyboard in Resources */,
				F24E07E91E4CE4C100C45A76 /* Setup.storyboard in Resources */,
				F24E07EA1E4CE4C100C45A76 /* DrawerView.storyboard in Resources */,
				F24E07EB1E4CE4C100C45A76 /* UserListView.storyboard in Resources */,
				F24E07EC1E4CE4C100C45A76 /* UserDetailsView.storyboard in Resources */,
				F24E081D1E4D231C00C45A76 /* InfoPlist.strings in Resources */,
				F24E07ED1E4CE4C100C45A76 /* ProfileView.storyboard in Resources */,
				F24E07EE1E4CE4C100C45A76 /* MatchesView.storyboard in Resources */,
				F24E07EF1E4CE4C100C45A76 /* SettingsView.storyboard in Resources */,
				F24E07F01E4CE4C100C45A76 /* UpcomingView.storyboard in Resources */,
				F2B82FEA1E53F038000F71D1 /* InfoPlist.strings in Resources */,
				F2AB061B1E063DF80039C761 /* master_of_break.ttf in Resources */,
				F2508B0D1E53EDFA009EF48B /* Default-568h@2x.png in Resources */,
				F2AB06061E0606DF0039C761 /* CaviarDreams_Bold.ttf in Resources */,
				F2AB06071E0606DF0039C761 /* CaviarDreams_BoldItalic.ttf in Resources */,
				F2AB06191E061AD80039C761 /* Media.xcassets in Resources */,
				F24E07E21E4CBEAD00C45A76 /* Localizable.strings in Resources */,
				F2AB06081E0606DF0039C761 /* CaviarDreams_Italic.ttf in Resources */,
				F2AB06091E0606DF0039C761 /* CaviarDreams.ttf in Resources */,
			);
			runOnlyForDeploymentPostprocessing = 0;
		};
		F277C2721E560D8C008AF036 /* Resources */ = {
			isa = PBXResourcesBuildPhase;
			buildActionMask = 2147483647;
			files = (
			);
			runOnlyForDeploymentPostprocessing = 0;
		};
		F277C2831E561F41008AF036 /* Resources */ = {
			isa = PBXResourcesBuildPhase;
			buildActionMask = 2147483647;
			files = (
			);
			runOnlyForDeploymentPostprocessing = 0;
		};
/* End PBXResourcesBuildPhase section */

/* Begin PBXShellScriptBuildPhase section */
		5A25F391888A21CC4E1E6655 /* [CP] Check Pods Manifest.lock */ = {
			isa = PBXShellScriptBuildPhase;
			buildActionMask = 2147483647;
			files = (
			);
			inputPaths = (
			);
			name = "[CP] Check Pods Manifest.lock";
			outputPaths = (
			);
			runOnlyForDeploymentPostprocessing = 0;
			shellPath = /bin/sh;
			shellScript = "diff \"${PODS_ROOT}/../Podfile.lock\" \"${PODS_ROOT}/Manifest.lock\" > /dev/null\nif [ $? != 0 ] ; then\n    # print error to STDERR\n    echo \"error: The sandbox is not in sync with the Podfile.lock. Run 'pod install' or update your CocoaPods installation.\" >&2\n    exit 1\nfi\n";
			showEnvVarsInLog = 0;
		};
		EAE1152327BE34EB014C5325 /* [CP] Embed Pods Frameworks */ = {
			isa = PBXShellScriptBuildPhase;
			buildActionMask = 2147483647;
			files = (
			);
			inputPaths = (
			);
			name = "[CP] Embed Pods Frameworks";
			outputPaths = (
			);
			runOnlyForDeploymentPostprocessing = 0;
			shellPath = /bin/sh;
			shellScript = "\"${SRCROOT}/Pods/Target Support Files/Pods-band-up-ios/Pods-band-up-ios-frameworks.sh\"\n";
			showEnvVarsInLog = 0;
		};
		F388BAD7CF6E58FF0FF99E31 /* [CP] Copy Pods Resources */ = {
			isa = PBXShellScriptBuildPhase;
			buildActionMask = 2147483647;
			files = (
			);
			inputPaths = (
			);
			name = "[CP] Copy Pods Resources";
			outputPaths = (
			);
			runOnlyForDeploymentPostprocessing = 0;
			shellPath = /bin/sh;
			shellScript = "\"${SRCROOT}/Pods/Target Support Files/Pods-band-up-ios/Pods-band-up-ios-resources.sh\"\n";
			showEnvVarsInLog = 0;
		};
/* End PBXShellScriptBuildPhase section */

/* Begin PBXSourcesBuildPhase section */
		F217C03F1DDFC47100EE16DF /* Sources */ = {
			isa = PBXSourcesBuildPhase;
			buildActionMask = 2147483647;
			files = (
				F27051211E4C027600E2974C /* DrawerItem.swift in Sources */,
				F21A89E91E160AB80061F559 /* UIBigButton.swift in Sources */,
				F217C0491DDFC47100EE16DF /* LoginViewController.swift in Sources */,
				2006897C1E44F3C200EAD907 /* ChatViewController.swift in Sources */,
				F23EFD5E1E15D90F00F1CF71 /* UserListViewController.swift in Sources */,
				F2D38EB01DFE552C008F39A1 /* PasswordResetViewController.swift in Sources */,
				F270511D1E4C01E900E2974C /* UserLocation.swift in Sources */,
				F217C0471DDFC47100EE16DF /* AppDelegate.swift in Sources */,
				F2EA7B6A1E15BCC3005B1F34 /* User.swift in Sources */,
				F252C95A1E44FE9A002B2E2B /* EditProfileTableViewController.swift in Sources */,
				F2AB06171E0616EA0039C761 /* UserDetailsViewController.swift in Sources */,
				F2CF64C91E3C235D0017B70E /* EditProfileViewController.swift in Sources */,
				F270511B1E4C01DE00E2974C /* UserImage.swift in Sources */,
				F217C07A1DDFC53E00EE16DF /* RegisterViewController.swift in Sources */,
				F2AB06111E0616B30039C761 /* MatchesViewController.swift in Sources */,
				F2AB060F1E0616A20039C761 /* ProfileViewController.swift in Sources */,
				F2B023181E04000600088622 /* MainScreenViewController.swift in Sources */,
				F25555801DDFD52900530C92 /* BandUpAPI.swift in Sources */,
				F2DCB2E41E4E99FE006832F6 /* LaunchViewController.swift in Sources */,
				F2AB06131E0616C10039C761 /* SettingsViewController.swift in Sources */,
				F2CF64C01E3C14EB0017B70E /* DefaultsKeys.swift in Sources */,
				F270511F1E4C022D00E2974C /* ChatMessage.swift in Sources */,
				F207F6401E02DBB000F57892 /* SetupViewController.swift in Sources */,
				F24DE70E1E4A3ABB00BE56C6 /* BMItemBoxListCell.swift in Sources */,
				F2AB06151E0616DA0039C761 /* UpcomingViewController.swift in Sources */,
				F29002EA1E1A0F1600884F8E /* UserListItemViewCell.swift in Sources */,
				F29B9E871E47D2AC00BDB645 /* BMItemBoxList.swift in Sources */,
				F24E08181E4D1B1F00C45A76 /* SettingsTableViewController.swift in Sources */,
				F2B0231C1E049BDA00088622 /* DrawerViewController.swift in Sources */,
				200B434F1E4639CD004C06F1 /* SocketIOManager.swift in Sources */,
				F29B9E851E47688E00BDB645 /* Constants.swift in Sources */,
			);
			runOnlyForDeploymentPostprocessing = 0;
		};
		F277C2701E560D8C008AF036 /* Sources */ = {
			isa = PBXSourcesBuildPhase;
			buildActionMask = 2147483647;
			files = (
				F277C27F1E560DCF008AF036 /* UserTests.swift in Sources */,
			);
			runOnlyForDeploymentPostprocessing = 0;
		};
		F277C2811E561F41008AF036 /* Sources */ = {
			isa = PBXSourcesBuildPhase;
			buildActionMask = 2147483647;
			files = (
				F277C2881E561F41008AF036 /* band_up_iosUITests.swift in Sources */,
			);
			runOnlyForDeploymentPostprocessing = 0;
		};
/* End PBXSourcesBuildPhase section */

/* Begin PBXTargetDependency section */
		F277C27A1E560D8C008AF036 /* PBXTargetDependency */ = {
			isa = PBXTargetDependency;
			target = F217C0421DDFC47100EE16DF /* band-up-ios */;
			targetProxy = F277C2791E560D8C008AF036 /* PBXContainerItemProxy */;
		};
		F277C28B1E561F41008AF036 /* PBXTargetDependency */ = {
			isa = PBXTargetDependency;
			target = F217C0421DDFC47100EE16DF /* band-up-ios */;
			targetProxy = F277C28A1E561F41008AF036 /* PBXContainerItemProxy */;
		};
/* End PBXTargetDependency section */

/* Begin PBXVariantGroup section */
		F217C0521DDFC47100EE16DF /* LaunchScreen.storyboard */ = {
			isa = PBXVariantGroup;
			children = (
				F24E080C1E4CF20000C45A76 /* Base */,
			);
			name = LaunchScreen.storyboard;
			sourceTree = "<group>";
		};
		F24E07E41E4CBEAD00C45A76 /* Localizable.strings */ = {
			isa = PBXVariantGroup;
			children = (
				F24E07E51E4CBEB600C45A76 /* is */,
				F24E07E61E4CDD5800C45A76 /* en */,
			);
			name = Localizable.strings;
			sourceTree = "<group>";
		};
		F24E081F1E4D231C00C45A76 /* InfoPlist.strings */ = {
			isa = PBXVariantGroup;
			children = (
				F24E081E1E4D231C00C45A76 /* Base */,
			);
			name = InfoPlist.strings;
			sourceTree = "<group>";
		};
		F278536C1E4C194B00DB9810 /* UserDetailsView.storyboard */ = {
			isa = PBXVariantGroup;
			children = (
				F24E08071E4CF20000C45A76 /* Base */,
				F24E08101E4CF25F00C45A76 /* is */,
			);
			name = UserDetailsView.storyboard;
			sourceTree = "<group>";
		};
		F27853731E4C1A3200DB9810 /* UserListView.storyboard */ = {
			isa = PBXVariantGroup;
			children = (
				F24E08061E4CF20000C45A76 /* Base */,
				F24E080F1E4CF24E00C45A76 /* is */,
			);
			name = UserListView.storyboard;
			sourceTree = "<group>";
		};
		F27853781E4C1A9200DB9810 /* ProfileView.storyboard */ = {
			isa = PBXVariantGroup;
			children = (
				F24E08081E4CF20000C45A76 /* Base */,
				F24E08151E4CF93C00C45A76 /* is */,
			);
			name = ProfileView.storyboard;
			sourceTree = "<group>";
		};
		F278537D1E4C1FEA00DB9810 /* MatchesView.storyboard */ = {
			isa = PBXVariantGroup;
			children = (
				F24E08091E4CF20000C45A76 /* Base */,
				F24E08161E4D1A6800C45A76 /* is */,
			);
			name = MatchesView.storyboard;
			sourceTree = "<group>";
		};
		F27853821E4C201600DB9810 /* SettingsView.storyboard */ = {
			isa = PBXVariantGroup;
			children = (
				F24E080A1E4CF20000C45A76 /* Base */,
				F24E08191E4D1E0100C45A76 /* is */,
			);
			name = SettingsView.storyboard;
			sourceTree = "<group>";
		};
		F27853871E4C214A00DB9810 /* DrawerView.storyboard */ = {
			isa = PBXVariantGroup;
			children = (
				F24E08051E4CF20000C45A76 /* Base */,
				F24E080D1E4CF24000C45A76 /* is */,
			);
			name = DrawerView.storyboard;
			sourceTree = "<group>";
		};
		F278538C1E4C218700DB9810 /* UpcomingView.storyboard */ = {
			isa = PBXVariantGroup;
			children = (
				F24E080B1E4CF20000C45A76 /* Base */,
				F24E081A1E4D1E0A00C45A76 /* is */,
			);
			name = UpcomingView.storyboard;
			sourceTree = "<group>";
		};
		F27853911E4C21A600DB9810 /* Setup.storyboard */ = {
			isa = PBXVariantGroup;
			children = (
				F24E08041E4CF20000C45A76 /* Base */,
				F24E08221E4D245300C45A76 /* is */,
			);
			name = Setup.storyboard;
			sourceTree = "<group>";
		};
		F2B82FEC1E53F038000F71D1 /* InfoPlist.strings */ = {
			isa = PBXVariantGroup;
			children = (
				F2B82FED1E53F03A000F71D1 /* en */,
				F2B82FEE1E53F03B000F71D1 /* is */,
				F22935F41E53F1B5007F182B /* Base */,
			);
			name = InfoPlist.strings;
			sourceTree = "<group>";
		};
/* End PBXVariantGroup section */

/* Begin XCBuildConfiguration section */
		F217C06C1DDFC47100EE16DF /* Debug */ = {
			isa = XCBuildConfiguration;
			buildSettings = {
				ALWAYS_SEARCH_USER_PATHS = NO;
				CLANG_ANALYZER_LOCALIZABILITY_EMPTY_CONTEXT = YES;
				CLANG_ANALYZER_LOCALIZABILITY_NONLOCALIZED = YES;
				CLANG_ANALYZER_NONNULL = YES;
				CLANG_CXX_LANGUAGE_STANDARD = "gnu++0x";
				CLANG_CXX_LIBRARY = "libc++";
				CLANG_ENABLE_MODULES = YES;
				CLANG_ENABLE_OBJC_ARC = YES;
				CLANG_WARN_BOOL_CONVERSION = YES;
				CLANG_WARN_CONSTANT_CONVERSION = YES;
				CLANG_WARN_DIRECT_OBJC_ISA_USAGE = YES_ERROR;
				CLANG_WARN_DOCUMENTATION_COMMENTS = YES;
				CLANG_WARN_EMPTY_BODY = YES;
				CLANG_WARN_ENUM_CONVERSION = YES;
				CLANG_WARN_INFINITE_RECURSION = YES;
				CLANG_WARN_INT_CONVERSION = YES;
				CLANG_WARN_OBJC_ROOT_CLASS = YES_ERROR;
				CLANG_WARN_SUSPICIOUS_MOVE = YES;
				CLANG_WARN_SUSPICIOUS_MOVES = YES;
				CLANG_WARN_UNREACHABLE_CODE = YES;
				CLANG_WARN__DUPLICATE_METHOD_MATCH = YES;
				"CODE_SIGN_IDENTITY[sdk=iphoneos*]" = "iPhone Developer";
				COPY_PHASE_STRIP = NO;
				DEBUG_INFORMATION_FORMAT = dwarf;
				ENABLE_STRICT_OBJC_MSGSEND = YES;
				ENABLE_TESTABILITY = YES;
				GCC_C_LANGUAGE_STANDARD = gnu99;
				GCC_DYNAMIC_NO_PIC = NO;
				GCC_NO_COMMON_BLOCKS = YES;
				GCC_OPTIMIZATION_LEVEL = 0;
				GCC_PREPROCESSOR_DEFINITIONS = (
					"DEBUG=1",
					"$(inherited)",
				);
				GCC_WARN_64_TO_32_BIT_CONVERSION = YES;
				GCC_WARN_ABOUT_RETURN_TYPE = YES_ERROR;
				GCC_WARN_UNDECLARED_SELECTOR = YES;
				GCC_WARN_UNINITIALIZED_AUTOS = YES_AGGRESSIVE;
				GCC_WARN_UNUSED_FUNCTION = YES;
				GCC_WARN_UNUSED_VARIABLE = YES;
				IPHONEOS_DEPLOYMENT_TARGET = 10.2;
				MTL_ENABLE_DEBUG_INFO = YES;
				ONLY_ACTIVE_ARCH = YES;
				SDKROOT = iphoneos;
				SWIFT_ACTIVE_COMPILATION_CONDITIONS = DEBUG;
				SWIFT_OPTIMIZATION_LEVEL = "-Onone";
			};
			name = Debug;
		};
		F217C06D1DDFC47100EE16DF /* Release */ = {
			isa = XCBuildConfiguration;
			buildSettings = {
				ALWAYS_SEARCH_USER_PATHS = NO;
				CLANG_ANALYZER_LOCALIZABILITY_EMPTY_CONTEXT = YES;
				CLANG_ANALYZER_LOCALIZABILITY_NONLOCALIZED = YES;
				CLANG_ANALYZER_NONNULL = YES;
				CLANG_CXX_LANGUAGE_STANDARD = "gnu++0x";
				CLANG_CXX_LIBRARY = "libc++";
				CLANG_ENABLE_MODULES = YES;
				CLANG_ENABLE_OBJC_ARC = YES;
				CLANG_WARN_BOOL_CONVERSION = YES;
				CLANG_WARN_CONSTANT_CONVERSION = YES;
				CLANG_WARN_DIRECT_OBJC_ISA_USAGE = YES_ERROR;
				CLANG_WARN_DOCUMENTATION_COMMENTS = YES;
				CLANG_WARN_EMPTY_BODY = YES;
				CLANG_WARN_ENUM_CONVERSION = YES;
				CLANG_WARN_INFINITE_RECURSION = YES;
				CLANG_WARN_INT_CONVERSION = YES;
				CLANG_WARN_OBJC_ROOT_CLASS = YES_ERROR;
				CLANG_WARN_SUSPICIOUS_MOVE = YES;
				CLANG_WARN_SUSPICIOUS_MOVES = YES;
				CLANG_WARN_UNREACHABLE_CODE = YES;
				CLANG_WARN__DUPLICATE_METHOD_MATCH = YES;
				"CODE_SIGN_IDENTITY[sdk=iphoneos*]" = "iPhone Developer";
				COPY_PHASE_STRIP = NO;
				DEBUG_INFORMATION_FORMAT = "dwarf-with-dsym";
				ENABLE_NS_ASSERTIONS = NO;
				ENABLE_STRICT_OBJC_MSGSEND = YES;
				GCC_C_LANGUAGE_STANDARD = gnu99;
				GCC_NO_COMMON_BLOCKS = YES;
				GCC_WARN_64_TO_32_BIT_CONVERSION = YES;
				GCC_WARN_ABOUT_RETURN_TYPE = YES_ERROR;
				GCC_WARN_UNDECLARED_SELECTOR = YES;
				GCC_WARN_UNINITIALIZED_AUTOS = YES_AGGRESSIVE;
				GCC_WARN_UNUSED_FUNCTION = YES;
				GCC_WARN_UNUSED_VARIABLE = YES;
				IPHONEOS_DEPLOYMENT_TARGET = 10.2;
				MTL_ENABLE_DEBUG_INFO = NO;
				SDKROOT = iphoneos;
				SWIFT_OPTIMIZATION_LEVEL = "-Owholemodule";
				VALIDATE_PRODUCT = YES;
			};
			name = Release;
		};
		F217C06F1DDFC47100EE16DF /* Debug */ = {
			isa = XCBuildConfiguration;
			baseConfigurationReference = BAFB566F8D41FFC68E2A138A /* Pods-band-up-ios.debug.xcconfig */;
			buildSettings = {
				ALWAYS_EMBED_SWIFT_STANDARD_LIBRARIES = "$(inherited)";
				ASSETCATALOG_COMPILER_APPICON_NAME = AppIcon;
				DEVELOPMENT_TEAM = NJU97Y2JX6;
				INFOPLIST_FILE = "band-up-ios/Info.plist";
				IPHONEOS_DEPLOYMENT_TARGET = 9.0;
				LD_RUNPATH_SEARCH_PATHS = "$(inherited) @executable_path/Frameworks";
				PRODUCT_BUNDLE_IDENTIFIER = "com.melodies.band-up-ios";
				PRODUCT_NAME = "$(TARGET_NAME)";
				SWIFT_VERSION = 3.0;
			};
			name = Debug;
		};
		F217C0701DDFC47100EE16DF /* Release */ = {
			isa = XCBuildConfiguration;
			baseConfigurationReference = 237F956E82CDDB9C1FCF3433 /* Pods-band-up-ios.release.xcconfig */;
			buildSettings = {
				ALWAYS_EMBED_SWIFT_STANDARD_LIBRARIES = "$(inherited)";
				ASSETCATALOG_COMPILER_APPICON_NAME = AppIcon;
				DEVELOPMENT_TEAM = NJU97Y2JX6;
				INFOPLIST_FILE = "band-up-ios/Info.plist";
				IPHONEOS_DEPLOYMENT_TARGET = 9.0;
				LD_RUNPATH_SEARCH_PATHS = "$(inherited) @executable_path/Frameworks";
				PRODUCT_BUNDLE_IDENTIFIER = "com.melodies.band-up-ios";
				PRODUCT_NAME = "$(TARGET_NAME)";
				SWIFT_VERSION = 3.0;
			};
			name = Release;
		};
		F277C27C1E560D8C008AF036 /* Debug */ = {
			isa = XCBuildConfiguration;
			baseConfigurationReference = BAFB566F8D41FFC68E2A138A /* Pods-band-up-ios.debug.xcconfig */;
			buildSettings = {
				BUNDLE_LOADER = "$(TEST_HOST)";
				DEVELOPMENT_TEAM = NJU97Y2JX6;
				INFOPLIST_FILE = "band-up-iosTests/Info.plist";
				LD_RUNPATH_SEARCH_PATHS = "$(inherited) @executable_path/Frameworks @loader_path/Frameworks";
				PRODUCT_BUNDLE_IDENTIFIER = "com.bergtor05.band-up-iosTests";
				PRODUCT_NAME = "$(TARGET_NAME)";
				SWIFT_VERSION = 3.0;
				TEST_HOST = "$(BUILT_PRODUCTS_DIR)/band-up-ios.app/band-up-ios";
			};
			name = Debug;
		};
		F277C27D1E560D8C008AF036 /* Release */ = {
			isa = XCBuildConfiguration;
			buildSettings = {
				BUNDLE_LOADER = "$(TEST_HOST)";
				DEVELOPMENT_TEAM = NJU97Y2JX6;
				INFOPLIST_FILE = "band-up-iosTests/Info.plist";
				LD_RUNPATH_SEARCH_PATHS = "$(inherited) @executable_path/Frameworks @loader_path/Frameworks";
				PRODUCT_BUNDLE_IDENTIFIER = "com.bergtor05.band-up-iosTests";
				PRODUCT_NAME = "$(TARGET_NAME)";
				SWIFT_VERSION = 3.0;
				TEST_HOST = "$(BUILT_PRODUCTS_DIR)/band-up-ios.app/band-up-ios";
			};
			name = Release;
		};
		F277C28D1E561F41008AF036 /* Debug */ = {
			isa = XCBuildConfiguration;
			buildSettings = {
				DEVELOPMENT_TEAM = NJU97Y2JX6;
				INFOPLIST_FILE = "band-up-iosUITests/Info.plist";
				LD_RUNPATH_SEARCH_PATHS = "$(inherited) @executable_path/Frameworks @loader_path/Frameworks";
				PRODUCT_BUNDLE_IDENTIFIER = "com.bergtor05.band-up-iosUITests";
				PRODUCT_NAME = "$(TARGET_NAME)";
				SWIFT_VERSION = 3.0;
				TEST_TARGET_NAME = "band-up-ios";
			};
			name = Debug;
		};
		F277C28E1E561F41008AF036 /* Release */ = {
			isa = XCBuildConfiguration;
			buildSettings = {
				DEVELOPMENT_TEAM = NJU97Y2JX6;
				INFOPLIST_FILE = "band-up-iosUITests/Info.plist";
				LD_RUNPATH_SEARCH_PATHS = "$(inherited) @executable_path/Frameworks @loader_path/Frameworks";
				PRODUCT_BUNDLE_IDENTIFIER = "com.bergtor05.band-up-iosUITests";
				PRODUCT_NAME = "$(TARGET_NAME)";
				SWIFT_VERSION = 3.0;
				TEST_TARGET_NAME = "band-up-ios";
			};
			name = Release;
		};
/* End XCBuildConfiguration section */

/* Begin XCConfigurationList section */
		F217C03E1DDFC47100EE16DF /* Build configuration list for PBXProject "band-up-ios" */ = {
			isa = XCConfigurationList;
			buildConfigurations = (
				F217C06C1DDFC47100EE16DF /* Debug */,
				F217C06D1DDFC47100EE16DF /* Release */,
			);
			defaultConfigurationIsVisible = 0;
			defaultConfigurationName = Release;
		};
		F217C06E1DDFC47100EE16DF /* Build configuration list for PBXNativeTarget "band-up-ios" */ = {
			isa = XCConfigurationList;
			buildConfigurations = (
				F217C06F1DDFC47100EE16DF /* Debug */,
				F217C0701DDFC47100EE16DF /* Release */,
			);
			defaultConfigurationIsVisible = 0;
			defaultConfigurationName = Release;
		};
		F277C27B1E560D8C008AF036 /* Build configuration list for PBXNativeTarget "band-up-iosTests" */ = {
			isa = XCConfigurationList;
			buildConfigurations = (
				F277C27C1E560D8C008AF036 /* Debug */,
				F277C27D1E560D8C008AF036 /* Release */,
			);
			defaultConfigurationIsVisible = 0;
		};
		F277C28C1E561F41008AF036 /* Build configuration list for PBXNativeTarget "band-up-iosUITests" */ = {
			isa = XCConfigurationList;
			buildConfigurations = (
				F277C28D1E561F41008AF036 /* Debug */,
				F277C28E1E561F41008AF036 /* Release */,
			);
			defaultConfigurationIsVisible = 0;
		};
/* End XCConfigurationList section */
	};
	rootObject = F217C03B1DDFC47100EE16DF /* Project object */;
}
