// !$*UTF8*$!
{
	archiveVersion = 1;
	classes = {
	};
	objectVersion = 46;
	objects = {

/* Begin PBXBuildFile section */
		6CED448BE20703F847A8E635 /* Pods_band_up_ios.framework in Frameworks */ = {isa = PBXBuildFile; fileRef = 0338EE7E02EEFD4ECA1E2C72 /* Pods_band_up_ios.framework */; };
		F207F6401E02DBB000F57892 /* SetupViewController.swift in Sources */ = {isa = PBXBuildFile; fileRef = F207F63F1E02DBB000F57892 /* SetupViewController.swift */; };
		F217C0471DDFC47100EE16DF /* AppDelegate.swift in Sources */ = {isa = PBXBuildFile; fileRef = F217C0461DDFC47100EE16DF /* AppDelegate.swift */; };
		F217C0491DDFC47100EE16DF /* LoginViewController.swift in Sources */ = {isa = PBXBuildFile; fileRef = F217C0481DDFC47100EE16DF /* LoginViewController.swift */; };
		F217C04F1DDFC47100EE16DF /* band_up_ios.xcdatamodeld in Sources */ = {isa = PBXBuildFile; fileRef = F217C04D1DDFC47100EE16DF /* band_up_ios.xcdatamodeld */; };
		F217C0541DDFC47100EE16DF /* LaunchScreen.storyboard in Resources */ = {isa = PBXBuildFile; fileRef = F217C0521DDFC47100EE16DF /* LaunchScreen.storyboard */; };
		F217C05F1DDFC47100EE16DF /* band_up_iosTests.swift in Sources */ = {isa = PBXBuildFile; fileRef = F217C05E1DDFC47100EE16DF /* band_up_iosTests.swift */; };
		F217C06A1DDFC47100EE16DF /* band_up_iosUITests.swift in Sources */ = {isa = PBXBuildFile; fileRef = F217C0691DDFC47100EE16DF /* band_up_iosUITests.swift */; };
		F217C0781DDFC48F00EE16DF /* Setup.storyboard in Resources */ = {isa = PBXBuildFile; fileRef = F217C0771DDFC48F00EE16DF /* Setup.storyboard */; };
		F217C07A1DDFC53E00EE16DF /* RegisterViewController.swift in Sources */ = {isa = PBXBuildFile; fileRef = F217C0791DDFC53E00EE16DF /* RegisterViewController.swift */; };
		F21A89E91E160AB80061F559 /* UIBigButton.swift in Sources */ = {isa = PBXBuildFile; fileRef = F21A89E81E160AB80061F559 /* UIBigButton.swift */; };
		F23EFD5E1E15D90F00F1CF71 /* UserListViewController.swift in Sources */ = {isa = PBXBuildFile; fileRef = F23EFD5D1E15D90F00F1CF71 /* UserListViewController.swift */; };
		F252C9211E43885E002B2E2B /* UserDetailsView.xib in Resources */ = {isa = PBXBuildFile; fileRef = F252C9201E43885E002B2E2B /* UserDetailsView.xib */; };
		F252C92D1E43FC45002B2E2B /* UserListView.storyboard in Resources */ = {isa = PBXBuildFile; fileRef = F252C92C1E43FC45002B2E2B /* UserListView.storyboard */; };
		F252C92F1E43FC73002B2E2B /* SettingsView.storyboard in Resources */ = {isa = PBXBuildFile; fileRef = F252C92E1E43FC73002B2E2B /* SettingsView.storyboard */; };
		F252C9311E43FCB1002B2E2B /* MatchesView.storyboard in Resources */ = {isa = PBXBuildFile; fileRef = F252C9301E43FCB1002B2E2B /* MatchesView.storyboard */; };
		F252C9331E43FCC2002B2E2B /* UpcomingView.storyboard in Resources */ = {isa = PBXBuildFile; fileRef = F252C9321E43FCC2002B2E2B /* UpcomingView.storyboard */; };
		F25555801DDFD52900530C92 /* BandUpAPI.swift in Sources */ = {isa = PBXBuildFile; fileRef = F255557F1DDFD52900530C92 /* BandUpAPI.swift */; };
		F29002EA1E1A0F1600884F8E /* UserListItemViewCell.swift in Sources */ = {isa = PBXBuildFile; fileRef = F29002E91E1A0F1600884F8E /* UserListItemViewCell.swift */; };
		F2AB06061E0606DF0039C761 /* CaviarDreams_Bold.ttf in Resources */ = {isa = PBXBuildFile; fileRef = F2AB06021E0606D00039C761 /* CaviarDreams_Bold.ttf */; };
		F2AB06071E0606DF0039C761 /* CaviarDreams_BoldItalic.ttf in Resources */ = {isa = PBXBuildFile; fileRef = F2AB06031E0606D00039C761 /* CaviarDreams_BoldItalic.ttf */; };
		F2AB06081E0606DF0039C761 /* CaviarDreams_Italic.ttf in Resources */ = {isa = PBXBuildFile; fileRef = F2AB06041E0606D00039C761 /* CaviarDreams_Italic.ttf */; };
		F2AB06091E0606DF0039C761 /* CaviarDreams.ttf in Resources */ = {isa = PBXBuildFile; fileRef = F2AB06051E0606D00039C761 /* CaviarDreams.ttf */; };
		F2AB060F1E0616A20039C761 /* ProfileViewController.swift in Sources */ = {isa = PBXBuildFile; fileRef = F2AB060E1E0616A20039C761 /* ProfileViewController.swift */; };
		F2AB06111E0616B30039C761 /* MatchesViewController.swift in Sources */ = {isa = PBXBuildFile; fileRef = F2AB06101E0616B30039C761 /* MatchesViewController.swift */; };
		F2AB06131E0616C10039C761 /* SettingsViewController.swift in Sources */ = {isa = PBXBuildFile; fileRef = F2AB06121E0616C10039C761 /* SettingsViewController.swift */; };
		F2AB06151E0616DA0039C761 /* UpcomingViewController.swift in Sources */ = {isa = PBXBuildFile; fileRef = F2AB06141E0616DA0039C761 /* UpcomingViewController.swift */; };
		F2AB06171E0616EA0039C761 /* UserDetailsViewController.swift in Sources */ = {isa = PBXBuildFile; fileRef = F2AB06161E0616EA0039C761 /* UserDetailsViewController.swift */; };
		F2AB06191E061AD80039C761 /* Media.xcassets in Resources */ = {isa = PBXBuildFile; fileRef = F2AB06181E061AD80039C761 /* Media.xcassets */; };
		F2AB061B1E063DF80039C761 /* master_of_break.ttf in Resources */ = {isa = PBXBuildFile; fileRef = F2AB061A1E063DE70039C761 /* master_of_break.ttf */; };
		F2B023181E04000600088622 /* MainScreenViewController.swift in Sources */ = {isa = PBXBuildFile; fileRef = F2B023171E04000600088622 /* MainScreenViewController.swift */; };
		F2B0231A1E040B0800088622 /* DrawerView.storyboard in Resources */ = {isa = PBXBuildFile; fileRef = F2B023191E040B0800088622 /* DrawerView.storyboard */; };
		F2B0231C1E049BDA00088622 /* DrawerViewController.swift in Sources */ = {isa = PBXBuildFile; fileRef = F2B0231B1E049BDA00088622 /* DrawerViewController.swift */; };
		F2CF64C01E3C14EB0017B70E /* DefaultsKeys.swift in Sources */ = {isa = PBXBuildFile; fileRef = F2CF64BF1E3C14EB0017B70E /* DefaultsKeys.swift */; };
		F2CF64C21E3C17560017B70E /* ProfileView.xib in Resources */ = {isa = PBXBuildFile; fileRef = F2CF64C11E3C17560017B70E /* ProfileView.xib */; };
		F2CF64C71E3C23380017B70E /* EditProfileView.xib in Resources */ = {isa = PBXBuildFile; fileRef = F2CF64C61E3C23380017B70E /* EditProfileView.xib */; };
		F2CF64C91E3C235D0017B70E /* EditProfileViewController.swift in Sources */ = {isa = PBXBuildFile; fileRef = F2CF64C81E3C235D0017B70E /* EditProfileViewController.swift */; };
		F2D38EB01DFE552C008F39A1 /* PasswordResetViewController.swift in Sources */ = {isa = PBXBuildFile; fileRef = F2D38EAF1DFE552C008F39A1 /* PasswordResetViewController.swift */; };
		F2EA7B6A1E15BCC3005B1F34 /* User.swift in Sources */ = {isa = PBXBuildFile; fileRef = F2EA7B691E15BCC3005B1F34 /* User.swift */; };
/* End PBXBuildFile section */

/* Begin PBXContainerItemProxy section */
		F217C05B1DDFC47100EE16DF /* PBXContainerItemProxy */ = {
			isa = PBXContainerItemProxy;
			containerPortal = F217C03B1DDFC47100EE16DF /* Project object */;
			proxyType = 1;
			remoteGlobalIDString = F217C0421DDFC47100EE16DF;
			remoteInfo = "band-up-ios";
		};
		F217C0661DDFC47100EE16DF /* PBXContainerItemProxy */ = {
			isa = PBXContainerItemProxy;
			containerPortal = F217C03B1DDFC47100EE16DF /* Project object */;
			proxyType = 1;
			remoteGlobalIDString = F217C0421DDFC47100EE16DF;
			remoteInfo = "band-up-ios";
		};
/* End PBXContainerItemProxy section */

/* Begin PBXFileReference section */
		0338EE7E02EEFD4ECA1E2C72 /* Pods_band_up_ios.framework */ = {isa = PBXFileReference; explicitFileType = wrapper.framework; includeInIndex = 0; path = Pods_band_up_ios.framework; sourceTree = BUILT_PRODUCTS_DIR; };
		237F956E82CDDB9C1FCF3433 /* Pods-band-up-ios.release.xcconfig */ = {isa = PBXFileReference; includeInIndex = 1; lastKnownFileType = text.xcconfig; name = "Pods-band-up-ios.release.xcconfig"; path = "Pods/Target Support Files/Pods-band-up-ios/Pods-band-up-ios.release.xcconfig"; sourceTree = "<group>"; };
		BAFB566F8D41FFC68E2A138A /* Pods-band-up-ios.debug.xcconfig */ = {isa = PBXFileReference; includeInIndex = 1; lastKnownFileType = text.xcconfig; name = "Pods-band-up-ios.debug.xcconfig"; path = "Pods/Target Support Files/Pods-band-up-ios/Pods-band-up-ios.debug.xcconfig"; sourceTree = "<group>"; };
		F207F63F1E02DBB000F57892 /* SetupViewController.swift */ = {isa = PBXFileReference; fileEncoding = 4; lastKnownFileType = sourcecode.swift; path = SetupViewController.swift; sourceTree = "<group>"; };
		F217C0431DDFC47100EE16DF /* band-up-ios.app */ = {isa = PBXFileReference; explicitFileType = wrapper.application; includeInIndex = 0; path = "band-up-ios.app"; sourceTree = BUILT_PRODUCTS_DIR; };
		F217C0461DDFC47100EE16DF /* AppDelegate.swift */ = {isa = PBXFileReference; lastKnownFileType = sourcecode.swift; lineEnding = 0; path = AppDelegate.swift; sourceTree = "<group>"; };
		F217C0481DDFC47100EE16DF /* LoginViewController.swift */ = {isa = PBXFileReference; lastKnownFileType = sourcecode.swift; path = LoginViewController.swift; sourceTree = "<group>"; };
		F217C04E1DDFC47100EE16DF /* band_up_ios.xcdatamodel */ = {isa = PBXFileReference; lastKnownFileType = wrapper.xcdatamodel; path = band_up_ios.xcdatamodel; sourceTree = "<group>"; };
		F217C0531DDFC47100EE16DF /* Base */ = {isa = PBXFileReference; lastKnownFileType = file.storyboard; name = Base; path = Base.lproj/LaunchScreen.storyboard; sourceTree = "<group>"; };
		F217C0551DDFC47100EE16DF /* Info.plist */ = {isa = PBXFileReference; lastKnownFileType = text.plist.xml; path = Info.plist; sourceTree = "<group>"; };
		F217C05A1DDFC47100EE16DF /* band-up-iosTests.xctest */ = {isa = PBXFileReference; explicitFileType = wrapper.cfbundle; includeInIndex = 0; path = "band-up-iosTests.xctest"; sourceTree = BUILT_PRODUCTS_DIR; };
		F217C05E1DDFC47100EE16DF /* band_up_iosTests.swift */ = {isa = PBXFileReference; lastKnownFileType = sourcecode.swift; path = band_up_iosTests.swift; sourceTree = "<group>"; };
		F217C0601DDFC47100EE16DF /* Info.plist */ = {isa = PBXFileReference; lastKnownFileType = text.plist.xml; path = Info.plist; sourceTree = "<group>"; };
		F217C0651DDFC47100EE16DF /* band-up-iosUITests.xctest */ = {isa = PBXFileReference; explicitFileType = wrapper.cfbundle; includeInIndex = 0; path = "band-up-iosUITests.xctest"; sourceTree = BUILT_PRODUCTS_DIR; };
		F217C0691DDFC47100EE16DF /* band_up_iosUITests.swift */ = {isa = PBXFileReference; lastKnownFileType = sourcecode.swift; path = band_up_iosUITests.swift; sourceTree = "<group>"; };
		F217C06B1DDFC47100EE16DF /* Info.plist */ = {isa = PBXFileReference; lastKnownFileType = text.plist.xml; path = Info.plist; sourceTree = "<group>"; };
		F217C0771DDFC48F00EE16DF /* Setup.storyboard */ = {isa = PBXFileReference; fileEncoding = 4; lastKnownFileType = file.storyboard; path = Setup.storyboard; sourceTree = "<group>"; };
		F217C0791DDFC53E00EE16DF /* RegisterViewController.swift */ = {isa = PBXFileReference; fileEncoding = 4; lastKnownFileType = sourcecode.swift; path = RegisterViewController.swift; sourceTree = "<group>"; };
		F21A89E81E160AB80061F559 /* UIBigButton.swift */ = {isa = PBXFileReference; fileEncoding = 4; lastKnownFileType = sourcecode.swift; path = UIBigButton.swift; sourceTree = "<group>"; };
		F23EFD5D1E15D90F00F1CF71 /* UserListViewController.swift */ = {isa = PBXFileReference; fileEncoding = 4; lastKnownFileType = sourcecode.swift; path = UserListViewController.swift; sourceTree = "<group>"; };
		F252C9201E43885E002B2E2B /* UserDetailsView.xib */ = {isa = PBXFileReference; fileEncoding = 4; lastKnownFileType = file.xib; path = UserDetailsView.xib; sourceTree = "<group>"; };
		F252C92C1E43FC45002B2E2B /* UserListView.storyboard */ = {isa = PBXFileReference; fileEncoding = 4; lastKnownFileType = file.storyboard; path = UserListView.storyboard; sourceTree = "<group>"; };
		F252C92E1E43FC73002B2E2B /* SettingsView.storyboard */ = {isa = PBXFileReference; fileEncoding = 4; lastKnownFileType = file.storyboard; path = SettingsView.storyboard; sourceTree = "<group>"; };
		F252C9301E43FCB1002B2E2B /* MatchesView.storyboard */ = {isa = PBXFileReference; fileEncoding = 4; lastKnownFileType = file.storyboard; path = MatchesView.storyboard; sourceTree = "<group>"; };
		F252C9321E43FCC2002B2E2B /* UpcomingView.storyboard */ = {isa = PBXFileReference; fileEncoding = 4; lastKnownFileType = file.storyboard; path = UpcomingView.storyboard; sourceTree = "<group>"; };
		F255557F1DDFD52900530C92 /* BandUpAPI.swift */ = {isa = PBXFileReference; fileEncoding = 4; lastKnownFileType = sourcecode.swift; path = BandUpAPI.swift; sourceTree = "<group>"; };
		F29002E91E1A0F1600884F8E /* UserListItemViewCell.swift */ = {isa = PBXFileReference; fileEncoding = 4; lastKnownFileType = sourcecode.swift; path = UserListItemViewCell.swift; sourceTree = "<group>"; };
		F2AB06021E0606D00039C761 /* CaviarDreams_Bold.ttf */ = {isa = PBXFileReference; lastKnownFileType = file; path = CaviarDreams_Bold.ttf; sourceTree = "<group>"; };
		F2AB06031E0606D00039C761 /* CaviarDreams_BoldItalic.ttf */ = {isa = PBXFileReference; lastKnownFileType = file; path = CaviarDreams_BoldItalic.ttf; sourceTree = "<group>"; };
		F2AB06041E0606D00039C761 /* CaviarDreams_Italic.ttf */ = {isa = PBXFileReference; lastKnownFileType = file; path = CaviarDreams_Italic.ttf; sourceTree = "<group>"; };
		F2AB06051E0606D00039C761 /* CaviarDreams.ttf */ = {isa = PBXFileReference; lastKnownFileType = file; path = CaviarDreams.ttf; sourceTree = "<group>"; };
		F2AB060E1E0616A20039C761 /* ProfileViewController.swift */ = {isa = PBXFileReference; fileEncoding = 4; lastKnownFileType = sourcecode.swift; path = ProfileViewController.swift; sourceTree = "<group>"; };
		F2AB06101E0616B30039C761 /* MatchesViewController.swift */ = {isa = PBXFileReference; fileEncoding = 4; lastKnownFileType = sourcecode.swift; path = MatchesViewController.swift; sourceTree = "<group>"; };
		F2AB06121E0616C10039C761 /* SettingsViewController.swift */ = {isa = PBXFileReference; fileEncoding = 4; lastKnownFileType = sourcecode.swift; path = SettingsViewController.swift; sourceTree = "<group>"; };
		F2AB06141E0616DA0039C761 /* UpcomingViewController.swift */ = {isa = PBXFileReference; fileEncoding = 4; lastKnownFileType = sourcecode.swift; path = UpcomingViewController.swift; sourceTree = "<group>"; };
		F2AB06161E0616EA0039C761 /* UserDetailsViewController.swift */ = {isa = PBXFileReference; fileEncoding = 4; lastKnownFileType = sourcecode.swift; path = UserDetailsViewController.swift; sourceTree = "<group>"; };
		F2AB06181E061AD80039C761 /* Media.xcassets */ = {isa = PBXFileReference; lastKnownFileType = folder.assetcatalog; path = Media.xcassets; sourceTree = "<group>"; };
		F2AB061A1E063DE70039C761 /* master_of_break.ttf */ = {isa = PBXFileReference; lastKnownFileType = file; path = master_of_break.ttf; sourceTree = "<group>"; };
		F2B023171E04000600088622 /* MainScreenViewController.swift */ = {isa = PBXFileReference; fileEncoding = 4; lastKnownFileType = sourcecode.swift; path = MainScreenViewController.swift; sourceTree = "<group>"; };
		F2B023191E040B0800088622 /* DrawerView.storyboard */ = {isa = PBXFileReference; fileEncoding = 4; lastKnownFileType = file.storyboard; path = DrawerView.storyboard; sourceTree = "<group>"; };
		F2B0231B1E049BDA00088622 /* DrawerViewController.swift */ = {isa = PBXFileReference; fileEncoding = 4; lastKnownFileType = sourcecode.swift; path = DrawerViewController.swift; sourceTree = "<group>"; };
		F2CF64BF1E3C14EB0017B70E /* DefaultsKeys.swift */ = {isa = PBXFileReference; fileEncoding = 4; lastKnownFileType = sourcecode.swift; path = DefaultsKeys.swift; sourceTree = "<group>"; };
		F2CF64C11E3C17560017B70E /* ProfileView.xib */ = {isa = PBXFileReference; fileEncoding = 4; lastKnownFileType = file.xib; path = ProfileView.xib; sourceTree = "<group>"; };
		F2CF64C61E3C23380017B70E /* EditProfileView.xib */ = {isa = PBXFileReference; fileEncoding = 4; lastKnownFileType = file.xib; path = EditProfileView.xib; sourceTree = "<group>"; };
		F2CF64C81E3C235D0017B70E /* EditProfileViewController.swift */ = {isa = PBXFileReference; fileEncoding = 4; lastKnownFileType = sourcecode.swift; path = EditProfileViewController.swift; sourceTree = "<group>"; };
		F2D38EAF1DFE552C008F39A1 /* PasswordResetViewController.swift */ = {isa = PBXFileReference; fileEncoding = 4; lastKnownFileType = sourcecode.swift; path = PasswordResetViewController.swift; sourceTree = "<group>"; };
		F2EA7B691E15BCC3005B1F34 /* User.swift */ = {isa = PBXFileReference; fileEncoding = 4; lastKnownFileType = sourcecode.swift; path = User.swift; sourceTree = "<group>"; };
/* End PBXFileReference section */

/* Begin PBXFrameworksBuildPhase section */
		F217C0401DDFC47100EE16DF /* Frameworks */ = {
			isa = PBXFrameworksBuildPhase;
			buildActionMask = 2147483647;
			files = (
				6CED448BE20703F847A8E635 /* Pods_band_up_ios.framework in Frameworks */,
			);
			runOnlyForDeploymentPostprocessing = 0;
		};
		F217C0571DDFC47100EE16DF /* Frameworks */ = {
			isa = PBXFrameworksBuildPhase;
			buildActionMask = 2147483647;
			files = (
			);
			runOnlyForDeploymentPostprocessing = 0;
		};
		F217C0621DDFC47100EE16DF /* Frameworks */ = {
			isa = PBXFrameworksBuildPhase;
			buildActionMask = 2147483647;
			files = (
			);
			runOnlyForDeploymentPostprocessing = 0;
		};
/* End PBXFrameworksBuildPhase section */

/* Begin PBXGroup section */
		05BEBC4A550603964996EAAD /* Pods */ = {
			isa = PBXGroup;
			children = (
				BAFB566F8D41FFC68E2A138A /* Pods-band-up-ios.debug.xcconfig */,
				237F956E82CDDB9C1FCF3433 /* Pods-band-up-ios.release.xcconfig */,
			);
			name = Pods;
			sourceTree = "<group>";
		};
		A47F07222AC257D1DC27BA12 /* Frameworks */ = {
			isa = PBXGroup;
			children = (
				0338EE7E02EEFD4ECA1E2C72 /* Pods_band_up_ios.framework */,
			);
			name = Frameworks;
			sourceTree = "<group>";
		};
		F217C03A1DDFC47100EE16DF = {
			isa = PBXGroup;
			children = (
				F217C0451DDFC47100EE16DF /* band-up-ios */,
				F217C05D1DDFC47100EE16DF /* band-up-iosTests */,
				F217C0681DDFC47100EE16DF /* band-up-iosUITests */,
				F217C0441DDFC47100EE16DF /* Products */,
				05BEBC4A550603964996EAAD /* Pods */,
				A47F07222AC257D1DC27BA12 /* Frameworks */,
			);
			sourceTree = "<group>";
		};
		F217C0441DDFC47100EE16DF /* Products */ = {
			isa = PBXGroup;
			children = (
				F217C0431DDFC47100EE16DF /* band-up-ios.app */,
				F217C05A1DDFC47100EE16DF /* band-up-iosTests.xctest */,
				F217C0651DDFC47100EE16DF /* band-up-iosUITests.xctest */,
			);
			name = Products;
			sourceTree = "<group>";
		};
		F217C0451DDFC47100EE16DF /* band-up-ios */ = {
			isa = PBXGroup;
			children = (
				F217C0461DDFC47100EE16DF /* AppDelegate.swift */,
				F255557F1DDFD52900530C92 /* BandUpAPI.swift */,
				F2EA7B691E15BCC3005B1F34 /* User.swift */,
				F2CF64BF1E3C14EB0017B70E /* DefaultsKeys.swift */,
				F2AB060A1E0614F20039C761 /* Setup */,
				F2AB060B1E0615410039C761 /* Main Screen */,
				F2B0231D1E04E49400088622 /* Resources */,
			);
			path = "band-up-ios";
			sourceTree = "<group>";
		};
		F217C05D1DDFC47100EE16DF /* band-up-iosTests */ = {
			isa = PBXGroup;
			children = (
				F217C05E1DDFC47100EE16DF /* band_up_iosTests.swift */,
				F217C0601DDFC47100EE16DF /* Info.plist */,
			);
			path = "band-up-iosTests";
			sourceTree = "<group>";
		};
		F217C0681DDFC47100EE16DF /* band-up-iosUITests */ = {
			isa = PBXGroup;
			children = (
				F217C0691DDFC47100EE16DF /* band_up_iosUITests.swift */,
				F217C06B1DDFC47100EE16DF /* Info.plist */,
			);
			path = "band-up-iosUITests";
			sourceTree = "<group>";
		};
		F2AB060A1E0614F20039C761 /* Setup */ = {
			isa = PBXGroup;
			children = (
				F217C0771DDFC48F00EE16DF /* Setup.storyboard */,
				F217C0481DDFC47100EE16DF /* LoginViewController.swift */,
				F2D38EAF1DFE552C008F39A1 /* PasswordResetViewController.swift */,
				F217C0791DDFC53E00EE16DF /* RegisterViewController.swift */,
				F207F63F1E02DBB000F57892 /* SetupViewController.swift */,
			);
			name = Setup;
			sourceTree = "<group>";
		};
		F2AB060B1E0615410039C761 /* Main Screen */ = {
			isa = PBXGroup;
			children = (
				F2CF64C51E3C1DFD0017B70E /* Elements */,
				F2CF64C31E3C185D0017B70E /* Views */,
				F2CF64C41E3C1DB90017B70E /* Controllers */,
			);
			name = "Main Screen";
			sourceTree = "<group>";
		};
		F2B0231D1E04E49400088622 /* Resources */ = {
			isa = PBXGroup;
			children = (
				F217C0521DDFC47100EE16DF /* LaunchScreen.storyboard */,
				F217C0551DDFC47100EE16DF /* Info.plist */,
				F217C04D1DDFC47100EE16DF /* band_up_ios.xcdatamodeld */,
				F2AB06021E0606D00039C761 /* CaviarDreams_Bold.ttf */,
				F2AB06031E0606D00039C761 /* CaviarDreams_BoldItalic.ttf */,
				F2AB06041E0606D00039C761 /* CaviarDreams_Italic.ttf */,
				F2AB06051E0606D00039C761 /* CaviarDreams.ttf */,
				F2AB061A1E063DE70039C761 /* master_of_break.ttf */,
				F2AB06181E061AD80039C761 /* Media.xcassets */,
			);
			name = Resources;
			sourceTree = "<group>";
		};
		F2CF64C31E3C185D0017B70E /* Views */ = {
			isa = PBXGroup;
			children = (
				F2B023191E040B0800088622 /* DrawerView.storyboard */,
				F252C92C1E43FC45002B2E2B /* UserListView.storyboard */,
				F252C9201E43885E002B2E2B /* UserDetailsView.xib */,
				F2CF64C11E3C17560017B70E /* ProfileView.xib */,
				F2CF64C61E3C23380017B70E /* EditProfileView.xib */,
				F252C9301E43FCB1002B2E2B /* MatchesView.storyboard */,
				F252C92E1E43FC73002B2E2B /* SettingsView.storyboard */,
				F252C9321E43FCC2002B2E2B /* UpcomingView.storyboard */,
			);
			name = Views;
			sourceTree = "<group>";
		};
		F2CF64C41E3C1DB90017B70E /* Controllers */ = {
			isa = PBXGroup;
			children = (
				F2B023171E04000600088622 /* MainScreenViewController.swift */,
				F2B0231B1E049BDA00088622 /* DrawerViewController.swift */,
				F23EFD5D1E15D90F00F1CF71 /* UserListViewController.swift */,
				F2AB06161E0616EA0039C761 /* UserDetailsViewController.swift */,
				F2AB060E1E0616A20039C761 /* ProfileViewController.swift */,
				F2CF64C81E3C235D0017B70E /* EditProfileViewController.swift */,
				F2AB06101E0616B30039C761 /* MatchesViewController.swift */,
				F2AB06121E0616C10039C761 /* SettingsViewController.swift */,
				F2AB06141E0616DA0039C761 /* UpcomingViewController.swift */,
			);
			name = Controllers;
			sourceTree = "<group>";
		};
		F2CF64C51E3C1DFD0017B70E /* Elements */ = {
			isa = PBXGroup;
			children = (
				F29002E91E1A0F1600884F8E /* UserListItemViewCell.swift */,
				F21A89E81E160AB80061F559 /* UIBigButton.swift */,
			);
			name = Elements;
			sourceTree = "<group>";
		};
/* End PBXGroup section */

/* Begin PBXNativeTarget section */
		F217C0421DDFC47100EE16DF /* band-up-ios */ = {
			isa = PBXNativeTarget;
			buildConfigurationList = F217C06E1DDFC47100EE16DF /* Build configuration list for PBXNativeTarget "band-up-ios" */;
			buildPhases = (
				5A25F391888A21CC4E1E6655 /* [CP] Check Pods Manifest.lock */,
				F217C03F1DDFC47100EE16DF /* Sources */,
				F217C0401DDFC47100EE16DF /* Frameworks */,
				F217C0411DDFC47100EE16DF /* Resources */,
				EAE1152327BE34EB014C5325 /* [CP] Embed Pods Frameworks */,
				F388BAD7CF6E58FF0FF99E31 /* [CP] Copy Pods Resources */,
			);
			buildRules = (
			);
			dependencies = (
			);
			name = "band-up-ios";
			productName = "band-up-ios";
			productReference = F217C0431DDFC47100EE16DF /* band-up-ios.app */;
			productType = "com.apple.product-type.application";
		};
		F217C0591DDFC47100EE16DF /* band-up-iosTests */ = {
			isa = PBXNativeTarget;
			buildConfigurationList = F217C0711DDFC47100EE16DF /* Build configuration list for PBXNativeTarget "band-up-iosTests" */;
			buildPhases = (
				F217C0561DDFC47100EE16DF /* Sources */,
				F217C0571DDFC47100EE16DF /* Frameworks */,
				F217C0581DDFC47100EE16DF /* Resources */,
			);
			buildRules = (
			);
			dependencies = (
				F217C05C1DDFC47100EE16DF /* PBXTargetDependency */,
			);
			name = "band-up-iosTests";
			productName = "band-up-iosTests";
			productReference = F217C05A1DDFC47100EE16DF /* band-up-iosTests.xctest */;
			productType = "com.apple.product-type.bundle.unit-test";
		};
		F217C0641DDFC47100EE16DF /* band-up-iosUITests */ = {
			isa = PBXNativeTarget;
			buildConfigurationList = F217C0741DDFC47100EE16DF /* Build configuration list for PBXNativeTarget "band-up-iosUITests" */;
			buildPhases = (
				F217C0611DDFC47100EE16DF /* Sources */,
				F217C0621DDFC47100EE16DF /* Frameworks */,
				F217C0631DDFC47100EE16DF /* Resources */,
			);
			buildRules = (
			);
			dependencies = (
				F217C0671DDFC47100EE16DF /* PBXTargetDependency */,
			);
			name = "band-up-iosUITests";
			productName = "band-up-iosUITests";
			productReference = F217C0651DDFC47100EE16DF /* band-up-iosUITests.xctest */;
			productType = "com.apple.product-type.bundle.ui-testing";
		};
/* End PBXNativeTarget section */

/* Begin PBXProject section */
		F217C03B1DDFC47100EE16DF /* Project object */ = {
			isa = PBXProject;
			attributes = {
				LastSwiftUpdateCheck = 0810;
				LastUpgradeCheck = 0820;
				ORGANIZATIONNAME = "Bad Melody";
				TargetAttributes = {
					F217C0421DDFC47100EE16DF = {
						CreatedOnToolsVersion = 8.1;
						DevelopmentTeam = NJU97Y2JX6;
						ProvisioningStyle = Automatic;
					};
					F217C0591DDFC47100EE16DF = {
						CreatedOnToolsVersion = 8.1;
						DevelopmentTeam = NJU97Y2JX6;
						ProvisioningStyle = Automatic;
						TestTargetID = F217C0421DDFC47100EE16DF;
					};
					F217C0641DDFC47100EE16DF = {
						CreatedOnToolsVersion = 8.1;
						DevelopmentTeam = NJU97Y2JX6;
						ProvisioningStyle = Automatic;
						TestTargetID = F217C0421DDFC47100EE16DF;
					};
				};
			};
			buildConfigurationList = F217C03E1DDFC47100EE16DF /* Build configuration list for PBXProject "band-up-ios" */;
			compatibilityVersion = "Xcode 3.2";
			developmentRegion = English;
			hasScannedForEncodings = 0;
			knownRegions = (
				en,
				Base,
			);
			mainGroup = F217C03A1DDFC47100EE16DF;
			productRefGroup = F217C0441DDFC47100EE16DF /* Products */;
			projectDirPath = "";
			projectRoot = "";
			targets = (
				F217C0421DDFC47100EE16DF /* band-up-ios */,
				F217C0591DDFC47100EE16DF /* band-up-iosTests */,
				F217C0641DDFC47100EE16DF /* band-up-iosUITests */,
			);
		};
/* End PBXProject section */

/* Begin PBXResourcesBuildPhase section */
		F217C0411DDFC47100EE16DF /* Resources */ = {
			isa = PBXResourcesBuildPhase;
			buildActionMask = 2147483647;
			files = (
				F2AB061B1E063DF80039C761 /* master_of_break.ttf in Resources */,
				F252C92F1E43FC73002B2E2B /* SettingsView.storyboard in Resources */,
				F2AB06061E0606DF0039C761 /* CaviarDreams_Bold.ttf in Resources */,
				F2AB06071E0606DF0039C761 /* CaviarDreams_BoldItalic.ttf in Resources */,
				F2AB06191E061AD80039C761 /* Media.xcassets in Resources */,
				F2AB06081E0606DF0039C761 /* CaviarDreams_Italic.ttf in Resources */,
				F252C9331E43FCC2002B2E2B /* UpcomingView.storyboard in Resources */,
				F2AB06091E0606DF0039C761 /* CaviarDreams.ttf in Resources */,
				F2CF64C21E3C17560017B70E /* ProfileView.xib in Resources */,
				F252C92D1E43FC45002B2E2B /* UserListView.storyboard in Resources */,
				F2B0231A1E040B0800088622 /* DrawerView.storyboard in Resources */,
				F252C9211E43885E002B2E2B /* UserDetailsView.xib in Resources */,
				F217C0781DDFC48F00EE16DF /* Setup.storyboard in Resources */,
				F252C9311E43FCB1002B2E2B /* MatchesView.storyboard in Resources */,
				F2CF64C71E3C23380017B70E /* EditProfileView.xib in Resources */,
				F217C0541DDFC47100EE16DF /* LaunchScreen.storyboard in Resources */,
			);
			runOnlyForDeploymentPostprocessing = 0;
		};
		F217C0581DDFC47100EE16DF /* Resources */ = {
			isa = PBXResourcesBuildPhase;
			buildActionMask = 2147483647;
			files = (
			);
			runOnlyForDeploymentPostprocessing = 0;
		};
		F217C0631DDFC47100EE16DF /* Resources */ = {
			isa = PBXResourcesBuildPhase;
			buildActionMask = 2147483647;
			files = (
			);
			runOnlyForDeploymentPostprocessing = 0;
		};
/* End PBXResourcesBuildPhase section */

/* Begin PBXShellScriptBuildPhase section */
		5A25F391888A21CC4E1E6655 /* [CP] Check Pods Manifest.lock */ = {
			isa = PBXShellScriptBuildPhase;
			buildActionMask = 2147483647;
			files = (
			);
			inputPaths = (
			);
			name = "[CP] Check Pods Manifest.lock";
			outputPaths = (
			);
			runOnlyForDeploymentPostprocessing = 0;
			shellPath = /bin/sh;
			shellScript = "diff \"${PODS_ROOT}/../Podfile.lock\" \"${PODS_ROOT}/Manifest.lock\" > /dev/null\nif [ $? != 0 ] ; then\n    # print error to STDERR\n    echo \"error: The sandbox is not in sync with the Podfile.lock. Run 'pod install' or update your CocoaPods installation.\" >&2\n    exit 1\nfi\n";
			showEnvVarsInLog = 0;
		};
		EAE1152327BE34EB014C5325 /* [CP] Embed Pods Frameworks */ = {
			isa = PBXShellScriptBuildPhase;
			buildActionMask = 2147483647;
			files = (
			);
			inputPaths = (
			);
			name = "[CP] Embed Pods Frameworks";
			outputPaths = (
			);
			runOnlyForDeploymentPostprocessing = 0;
			shellPath = /bin/sh;
			shellScript = "\"${SRCROOT}/Pods/Target Support Files/Pods-band-up-ios/Pods-band-up-ios-frameworks.sh\"\n";
			showEnvVarsInLog = 0;
		};
		F388BAD7CF6E58FF0FF99E31 /* [CP] Copy Pods Resources */ = {
			isa = PBXShellScriptBuildPhase;
			buildActionMask = 2147483647;
			files = (
			);
			inputPaths = (
			);
			name = "[CP] Copy Pods Resources";
			outputPaths = (
			);
			runOnlyForDeploymentPostprocessing = 0;
			shellPath = /bin/sh;
			shellScript = "\"${SRCROOT}/Pods/Target Support Files/Pods-band-up-ios/Pods-band-up-ios-resources.sh\"\n";
			showEnvVarsInLog = 0;
		};
/* End PBXShellScriptBuildPhase section */

/* Begin PBXSourcesBuildPhase section */
		F217C03F1DDFC47100EE16DF /* Sources */ = {
			isa = PBXSourcesBuildPhase;
			buildActionMask = 2147483647;
			files = (
				F21A89E91E160AB80061F559 /* UIBigButton.swift in Sources */,
				F217C0491DDFC47100EE16DF /* LoginViewController.swift in Sources */,
				F23EFD5E1E15D90F00F1CF71 /* UserListViewController.swift in Sources */,
				F2D38EB01DFE552C008F39A1 /* PasswordResetViewController.swift in Sources */,
				F217C0471DDFC47100EE16DF /* AppDelegate.swift in Sources */,
				F2EA7B6A1E15BCC3005B1F34 /* User.swift in Sources */,
				F217C04F1DDFC47100EE16DF /* band_up_ios.xcdatamodeld in Sources */,
				F2AB06171E0616EA0039C761 /* UserDetailsViewController.swift in Sources */,
				F2CF64C91E3C235D0017B70E /* EditProfileViewController.swift in Sources */,
				F217C07A1DDFC53E00EE16DF /* RegisterViewController.swift in Sources */,
				F2AB06111E0616B30039C761 /* MatchesViewController.swift in Sources */,
				F2AB060F1E0616A20039C761 /* ProfileViewController.swift in Sources */,
				F2B023181E04000600088622 /* MainScreenViewController.swift in Sources */,
				F25555801DDFD52900530C92 /* BandUpAPI.swift in Sources */,
				F2AB06131E0616C10039C761 /* SettingsViewController.swift in Sources */,
				F2CF64C01E3C14EB0017B70E /* DefaultsKeys.swift in Sources */,
				F207F6401E02DBB000F57892 /* SetupViewController.swift in Sources */,
				F2AB06151E0616DA0039C761 /* UpcomingViewController.swift in Sources */,
				F29002EA1E1A0F1600884F8E /* UserListItemViewCell.swift in Sources */,
				F2B0231C1E049BDA00088622 /* DrawerViewController.swift in Sources */,
			);
			runOnlyForDeploymentPostprocessing = 0;
		};
		F217C0561DDFC47100EE16DF /* Sources */ = {
			isa = PBXSourcesBuildPhase;
			buildActionMask = 2147483647;
			files = (
				F217C05F1DDFC47100EE16DF /* band_up_iosTests.swift in Sources */,
			);
			runOnlyForDeploymentPostprocessing = 0;
		};
		F217C0611DDFC47100EE16DF /* Sources */ = {
			isa = PBXSourcesBuildPhase;
			buildActionMask = 2147483647;
			files = (
				F217C06A1DDFC47100EE16DF /* band_up_iosUITests.swift in Sources */,
			);
			runOnlyForDeploymentPostprocessing = 0;
		};
/* End PBXSourcesBuildPhase section */

/* Begin PBXTargetDependency section */
		F217C05C1DDFC47100EE16DF /* PBXTargetDependency */ = {
			isa = PBXTargetDependency;
			target = F217C0421DDFC47100EE16DF /* band-up-ios */;
			targetProxy = F217C05B1DDFC47100EE16DF /* PBXContainerItemProxy */;
		};
		F217C0671DDFC47100EE16DF /* PBXTargetDependency */ = {
			isa = PBXTargetDependency;
			target = F217C0421DDFC47100EE16DF /* band-up-ios */;
			targetProxy = F217C0661DDFC47100EE16DF /* PBXContainerItemProxy */;
		};
/* End PBXTargetDependency section */

/* Begin PBXVariantGroup section */
		F217C0521DDFC47100EE16DF /* LaunchScreen.storyboard */ = {
			isa = PBXVariantGroup;
			children = (
				F217C0531DDFC47100EE16DF /* Base */,
			);
			name = LaunchScreen.storyboard;
			sourceTree = "<group>";
		};
/* End PBXVariantGroup section */

/* Begin XCBuildConfiguration section */
		F217C06C1DDFC47100EE16DF /* Debug */ = {
			isa = XCBuildConfiguration;
			buildSettings = {
				ALWAYS_SEARCH_USER_PATHS = NO;
				CLANG_ANALYZER_LOCALIZABILITY_NONLOCALIZED = YES;
				CLANG_ANALYZER_NONNULL = YES;
				CLANG_CXX_LANGUAGE_STANDARD = "gnu++0x";
				CLANG_CXX_LIBRARY = "libc++";
				CLANG_ENABLE_MODULES = YES;
				CLANG_ENABLE_OBJC_ARC = YES;
				CLANG_WARN_BOOL_CONVERSION = YES;
				CLANG_WARN_CONSTANT_CONVERSION = YES;
				CLANG_WARN_DIRECT_OBJC_ISA_USAGE = YES_ERROR;
				CLANG_WARN_DOCUMENTATION_COMMENTS = YES;
				CLANG_WARN_EMPTY_BODY = YES;
				CLANG_WARN_ENUM_CONVERSION = YES;
				CLANG_WARN_INFINITE_RECURSION = YES;
				CLANG_WARN_INT_CONVERSION = YES;
				CLANG_WARN_OBJC_ROOT_CLASS = YES_ERROR;
				CLANG_WARN_SUSPICIOUS_MOVE = YES;
				CLANG_WARN_SUSPICIOUS_MOVES = YES;
				CLANG_WARN_UNREACHABLE_CODE = YES;
				CLANG_WARN__DUPLICATE_METHOD_MATCH = YES;
				"CODE_SIGN_IDENTITY[sdk=iphoneos*]" = "iPhone Developer";
				COPY_PHASE_STRIP = NO;
				DEBUG_INFORMATION_FORMAT = dwarf;
				ENABLE_STRICT_OBJC_MSGSEND = YES;
				ENABLE_TESTABILITY = YES;
				GCC_C_LANGUAGE_STANDARD = gnu99;
				GCC_DYNAMIC_NO_PIC = NO;
				GCC_NO_COMMON_BLOCKS = YES;
				GCC_OPTIMIZATION_LEVEL = 0;
				GCC_PREPROCESSOR_DEFINITIONS = (
					"DEBUG=1",
					"$(inherited)",
				);
				GCC_WARN_64_TO_32_BIT_CONVERSION = YES;
				GCC_WARN_ABOUT_RETURN_TYPE = YES_ERROR;
				GCC_WARN_UNDECLARED_SELECTOR = YES;
				GCC_WARN_UNINITIALIZED_AUTOS = YES_AGGRESSIVE;
				GCC_WARN_UNUSED_FUNCTION = YES;
				GCC_WARN_UNUSED_VARIABLE = YES;
				IPHONEOS_DEPLOYMENT_TARGET = 10.2;
				MTL_ENABLE_DEBUG_INFO = YES;
				ONLY_ACTIVE_ARCH = YES;
				SDKROOT = iphoneos;
				SWIFT_ACTIVE_COMPILATION_CONDITIONS = DEBUG;
				SWIFT_OPTIMIZATION_LEVEL = "-Onone";
			};
			name = Debug;
		};
		F217C06D1DDFC47100EE16DF /* Release */ = {
			isa = XCBuildConfiguration;
			buildSettings = {
				ALWAYS_SEARCH_USER_PATHS = NO;
				CLANG_ANALYZER_LOCALIZABILITY_NONLOCALIZED = YES;
				CLANG_ANALYZER_NONNULL = YES;
				CLANG_CXX_LANGUAGE_STANDARD = "gnu++0x";
				CLANG_CXX_LIBRARY = "libc++";
				CLANG_ENABLE_MODULES = YES;
				CLANG_ENABLE_OBJC_ARC = YES;
				CLANG_WARN_BOOL_CONVERSION = YES;
				CLANG_WARN_CONSTANT_CONVERSION = YES;
				CLANG_WARN_DIRECT_OBJC_ISA_USAGE = YES_ERROR;
				CLANG_WARN_DOCUMENTATION_COMMENTS = YES;
				CLANG_WARN_EMPTY_BODY = YES;
				CLANG_WARN_ENUM_CONVERSION = YES;
				CLANG_WARN_INFINITE_RECURSION = YES;
				CLANG_WARN_INT_CONVERSION = YES;
				CLANG_WARN_OBJC_ROOT_CLASS = YES_ERROR;
				CLANG_WARN_SUSPICIOUS_MOVE = YES;
				CLANG_WARN_SUSPICIOUS_MOVES = YES;
				CLANG_WARN_UNREACHABLE_CODE = YES;
				CLANG_WARN__DUPLICATE_METHOD_MATCH = YES;
				"CODE_SIGN_IDENTITY[sdk=iphoneos*]" = "iPhone Developer";
				COPY_PHASE_STRIP = NO;
				DEBUG_INFORMATION_FORMAT = "dwarf-with-dsym";
				ENABLE_NS_ASSERTIONS = NO;
				ENABLE_STRICT_OBJC_MSGSEND = YES;
				GCC_C_LANGUAGE_STANDARD = gnu99;
				GCC_NO_COMMON_BLOCKS = YES;
				GCC_WARN_64_TO_32_BIT_CONVERSION = YES;
				GCC_WARN_ABOUT_RETURN_TYPE = YES_ERROR;
				GCC_WARN_UNDECLARED_SELECTOR = YES;
				GCC_WARN_UNINITIALIZED_AUTOS = YES_AGGRESSIVE;
				GCC_WARN_UNUSED_FUNCTION = YES;
				GCC_WARN_UNUSED_VARIABLE = YES;
				IPHONEOS_DEPLOYMENT_TARGET = 10.2;
				MTL_ENABLE_DEBUG_INFO = NO;
				SDKROOT = iphoneos;
				SWIFT_OPTIMIZATION_LEVEL = "-Owholemodule";
				VALIDATE_PRODUCT = YES;
			};
			name = Release;
		};
		F217C06F1DDFC47100EE16DF /* Debug */ = {
			isa = XCBuildConfiguration;
			baseConfigurationReference = BAFB566F8D41FFC68E2A138A /* Pods-band-up-ios.debug.xcconfig */;
			buildSettings = {
				ALWAYS_EMBED_SWIFT_STANDARD_LIBRARIES = YES;
				ASSETCATALOG_COMPILER_APPICON_NAME = AppIcon;
				DEVELOPMENT_TEAM = NJU97Y2JX6;
				INFOPLIST_FILE = "band-up-ios/Info.plist";
				IPHONEOS_DEPLOYMENT_TARGET = 9.0;
				LD_RUNPATH_SEARCH_PATHS = "$(inherited) @executable_path/Frameworks";
				PRODUCT_BUNDLE_IDENTIFIER = "com.melodies.band-up-ios";
				PRODUCT_NAME = "$(TARGET_NAME)";
				SWIFT_VERSION = 3.0;
			};
			name = Debug;
		};
		F217C0701DDFC47100EE16DF /* Release */ = {
			isa = XCBuildConfiguration;
			baseConfigurationReference = 237F956E82CDDB9C1FCF3433 /* Pods-band-up-ios.release.xcconfig */;
			buildSettings = {
				ALWAYS_EMBED_SWIFT_STANDARD_LIBRARIES = YES;
				ASSETCATALOG_COMPILER_APPICON_NAME = AppIcon;
				DEVELOPMENT_TEAM = NJU97Y2JX6;
				INFOPLIST_FILE = "band-up-ios/Info.plist";
				IPHONEOS_DEPLOYMENT_TARGET = 9.0;
				LD_RUNPATH_SEARCH_PATHS = "$(inherited) @executable_path/Frameworks";
				PRODUCT_BUNDLE_IDENTIFIER = "com.melodies.band-up-ios";
				PRODUCT_NAME = "$(TARGET_NAME)";
				SWIFT_VERSION = 3.0;
			};
			name = Release;
		};
		F217C0721DDFC47100EE16DF /* Debug */ = {
			isa = XCBuildConfiguration;
			buildSettings = {
				ALWAYS_EMBED_SWIFT_STANDARD_LIBRARIES = YES;
				BUNDLE_LOADER = "$(TEST_HOST)";
				DEVELOPMENT_TEAM = NJU97Y2JX6;
				INFOPLIST_FILE = "band-up-iosTests/Info.plist";
				LD_RUNPATH_SEARCH_PATHS = "$(inherited) @executable_path/Frameworks @loader_path/Frameworks";
				PRODUCT_BUNDLE_IDENTIFIER = "com.melodies.band-up-iosTests";
				PRODUCT_NAME = "$(TARGET_NAME)";
				SWIFT_VERSION = 3.0;
				TEST_HOST = "$(BUILT_PRODUCTS_DIR)/band-up-ios.app/band-up-ios";
			};
			name = Debug;
		};
		F217C0731DDFC47100EE16DF /* Release */ = {
			isa = XCBuildConfiguration;
			buildSettings = {
				ALWAYS_EMBED_SWIFT_STANDARD_LIBRARIES = YES;
				BUNDLE_LOADER = "$(TEST_HOST)";
				DEVELOPMENT_TEAM = NJU97Y2JX6;
				INFOPLIST_FILE = "band-up-iosTests/Info.plist";
				LD_RUNPATH_SEARCH_PATHS = "$(inherited) @executable_path/Frameworks @loader_path/Frameworks";
				PRODUCT_BUNDLE_IDENTIFIER = "com.melodies.band-up-iosTests";
				PRODUCT_NAME = "$(TARGET_NAME)";
				SWIFT_VERSION = 3.0;
				TEST_HOST = "$(BUILT_PRODUCTS_DIR)/band-up-ios.app/band-up-ios";
			};
			name = Release;
		};
		F217C0751DDFC47100EE16DF /* Debug */ = {
			isa = XCBuildConfiguration;
			buildSettings = {
				ALWAYS_EMBED_SWIFT_STANDARD_LIBRARIES = YES;
				DEVELOPMENT_TEAM = NJU97Y2JX6;
				INFOPLIST_FILE = "band-up-iosUITests/Info.plist";
				LD_RUNPATH_SEARCH_PATHS = "$(inherited) @executable_path/Frameworks @loader_path/Frameworks";
				PRODUCT_BUNDLE_IDENTIFIER = "com.melodies.band-up-iosUITests";
				PRODUCT_NAME = "$(TARGET_NAME)";
				SWIFT_VERSION = 3.0;
				TEST_TARGET_NAME = "band-up-ios";
			};
			name = Debug;
		};
		F217C0761DDFC47100EE16DF /* Release */ = {
			isa = XCBuildConfiguration;
			buildSettings = {
				ALWAYS_EMBED_SWIFT_STANDARD_LIBRARIES = YES;
				DEVELOPMENT_TEAM = NJU97Y2JX6;
				INFOPLIST_FILE = "band-up-iosUITests/Info.plist";
				LD_RUNPATH_SEARCH_PATHS = "$(inherited) @executable_path/Frameworks @loader_path/Frameworks";
				PRODUCT_BUNDLE_IDENTIFIER = "com.melodies.band-up-iosUITests";
				PRODUCT_NAME = "$(TARGET_NAME)";
				SWIFT_VERSION = 3.0;
				TEST_TARGET_NAME = "band-up-ios";
			};
			name = Release;
		};
/* End XCBuildConfiguration section */

/* Begin XCConfigurationList section */
		F217C03E1DDFC47100EE16DF /* Build configuration list for PBXProject "band-up-ios" */ = {
			isa = XCConfigurationList;
			buildConfigurations = (
				F217C06C1DDFC47100EE16DF /* Debug */,
				F217C06D1DDFC47100EE16DF /* Release */,
			);
			defaultConfigurationIsVisible = 0;
			defaultConfigurationName = Release;
		};
		F217C06E1DDFC47100EE16DF /* Build configuration list for PBXNativeTarget "band-up-ios" */ = {
			isa = XCConfigurationList;
			buildConfigurations = (
				F217C06F1DDFC47100EE16DF /* Debug */,
				F217C0701DDFC47100EE16DF /* Release */,
			);
			defaultConfigurationIsVisible = 0;
			defaultConfigurationName = Release;
		};
		F217C0711DDFC47100EE16DF /* Build configuration list for PBXNativeTarget "band-up-iosTests" */ = {
			isa = XCConfigurationList;
			buildConfigurations = (
				F217C0721DDFC47100EE16DF /* Debug */,
				F217C0731DDFC47100EE16DF /* Release */,
			);
			defaultConfigurationIsVisible = 0;
			defaultConfigurationName = Release;
		};
		F217C0741DDFC47100EE16DF /* Build configuration list for PBXNativeTarget "band-up-iosUITests" */ = {
			isa = XCConfigurationList;
			buildConfigurations = (
				F217C0751DDFC47100EE16DF /* Debug */,
				F217C0761DDFC47100EE16DF /* Release */,
			);
			defaultConfigurationIsVisible = 0;
			defaultConfigurationName = Release;
		};
/* End XCConfigurationList section */

/* Begin XCVersionGroup section */
		F217C04D1DDFC47100EE16DF /* band_up_ios.xcdatamodeld */ = {
			isa = XCVersionGroup;
			children = (
				F217C04E1DDFC47100EE16DF /* band_up_ios.xcdatamodel */,
			);
			currentVersion = F217C04E1DDFC47100EE16DF /* band_up_ios.xcdatamodel */;
			path = band_up_ios.xcdatamodeld;
			sourceTree = "<group>";
			versionGroupType = wrapper.xcdatamodel;
		};
/* End XCVersionGroup section */
	};
	rootObject = F217C03B1DDFC47100EE16DF /* Project object */;
}
